// !$*UTF8*$!
{
	archiveVersion = 1;
	classes = {
	};
	objectVersion = 46;
	objects = {

/* Begin PBXBuildFile section */
		05E39ADD1B31DE7300D0F164 /* PeopleSprite.swift in Sources */ = {isa = PBXBuildFile; fileRef = 05E39ADC1B31DE7300D0F164 /* PeopleSprite.swift */; };
		05E39ADE1B31DE7300D0F164 /* PeopleSprite.swift in Sources */ = {isa = PBXBuildFile; fileRef = 05E39ADC1B31DE7300D0F164 /* PeopleSprite.swift */; };
		08C464F51B2CCA1300DC56F8 /* Map.swift in Sources */ = {isa = PBXBuildFile; fileRef = 08C464F41B2CCA1300DC56F8 /* Map.swift */; };
		08C464F61B2CCA1300DC56F8 /* Map.swift in Sources */ = {isa = PBXBuildFile; fileRef = 08C464F41B2CCA1300DC56F8 /* Map.swift */; };
		08C464F81B2CE5B900DC56F8 /* Settings.swift in Sources */ = {isa = PBXBuildFile; fileRef = 08C464F71B2CE5B900DC56F8 /* Settings.swift */; };
		08C464F91B2CE5B900DC56F8 /* Settings.swift in Sources */ = {isa = PBXBuildFile; fileRef = 08C464F71B2CE5B900DC56F8 /* Settings.swift */; };
		08C464FB1B2F0F7900DC56F8 /* GlowBox.swift in Sources */ = {isa = PBXBuildFile; fileRef = 08C464FA1B2F0F7900DC56F8 /* GlowBox.swift */; };
		08C464FC1B2F0F7900DC56F8 /* GlowBox.swift in Sources */ = {isa = PBXBuildFile; fileRef = 08C464FA1B2F0F7900DC56F8 /* GlowBox.swift */; };
		08C464FE1B2F25A600DC56F8 /* GlowCircle.swift in Sources */ = {isa = PBXBuildFile; fileRef = 08C464FD1B2F25A600DC56F8 /* GlowCircle.swift */; };
		08C464FF1B2F25A600DC56F8 /* GlowCircle.swift in Sources */ = {isa = PBXBuildFile; fileRef = 08C464FD1B2F25A600DC56F8 /* GlowCircle.swift */; };
		08D5159A1B28BAB200E5289B /* DrawText.swift in Sources */ = {isa = PBXBuildFile; fileRef = 08D515991B28BAB200E5289B /* DrawText.swift */; };
		08D515A01B28C49400E5289B /* DrawText.swift in Sources */ = {isa = PBXBuildFile; fileRef = 08D515991B28BAB200E5289B /* DrawText.swift */; };
		08D515DB1B28CB8100E5289B /* bg_grass.png in Resources */ = {isa = PBXBuildFile; fileRef = 08D515A21B28CB8100E5289B /* bg_grass.png */; };
		08D515DC1B28CB8100E5289B /* bg_grass.png in Resources */ = {isa = PBXBuildFile; fileRef = 08D515A21B28CB8100E5289B /* bg_grass.png */; };
		08D515DD1B28CB8100E5289B /* bg_road_one_way.png in Resources */ = {isa = PBXBuildFile; fileRef = 08D515A31B28CB8100E5289B /* bg_road_one_way.png */; };
		08D515DE1B28CB8100E5289B /* bg_road_one_way.png in Resources */ = {isa = PBXBuildFile; fileRef = 08D515A31B28CB8100E5289B /* bg_road_one_way.png */; };
		08D515DF1B28CB8100E5289B /* bg_road_two_way.png in Resources */ = {isa = PBXBuildFile; fileRef = 08D515A41B28CB8100E5289B /* bg_road_two_way.png */; };
		08D515E01B28CB8100E5289B /* bg_road_two_way.png in Resources */ = {isa = PBXBuildFile; fileRef = 08D515A41B28CB8100E5289B /* bg_road_two_way.png */; };
		08D515E11B28CB8100E5289B /* bg_road_two_way_large.png in Resources */ = {isa = PBXBuildFile; fileRef = 08D515A51B28CB8100E5289B /* bg_road_two_way_large.png */; };
		08D515E21B28CB8100E5289B /* bg_road_two_way_large.png in Resources */ = {isa = PBXBuildFile; fileRef = 08D515A51B28CB8100E5289B /* bg_road_two_way_large.png */; };
		08D515E31B28CB8100E5289B /* content.png in Resources */ = {isa = PBXBuildFile; fileRef = 08D515A61B28CB8100E5289B /* content.png */; };
		08D515E41B28CB8100E5289B /* content.png in Resources */ = {isa = PBXBuildFile; fileRef = 08D515A61B28CB8100E5289B /* content.png */; };
		08D515E51B28CB8100E5289B /* exclamation.png in Resources */ = {isa = PBXBuildFile; fileRef = 08D515A71B28CB8100E5289B /* exclamation.png */; };
		08D515E61B28CB8100E5289B /* exclamation.png in Resources */ = {isa = PBXBuildFile; fileRef = 08D515A71B28CB8100E5289B /* exclamation.png */; };
		08D515E71B28CB8100E5289B /* happy.png in Resources */ = {isa = PBXBuildFile; fileRef = 08D515A91B28CB8100E5289B /* happy.png */; };
		08D515E81B28CB8100E5289B /* happy.png in Resources */ = {isa = PBXBuildFile; fileRef = 08D515A91B28CB8100E5289B /* happy.png */; };
		08D515E91B28CB8100E5289B /* irritated.png in Resources */ = {isa = PBXBuildFile; fileRef = 08D515AA1B28CB8100E5289B /* irritated.png */; };
		08D515EA1B28CB8100E5289B /* irritated.png in Resources */ = {isa = PBXBuildFile; fileRef = 08D515AA1B28CB8100E5289B /* irritated.png */; };
		08D515EB1B28CB8100E5289B /* lady.png in Resources */ = {isa = PBXBuildFile; fileRef = 08D515AB1B28CB8100E5289B /* lady.png */; };
		08D515EC1B28CB8100E5289B /* lady.png in Resources */ = {isa = PBXBuildFile; fileRef = 08D515AB1B28CB8100E5289B /* lady.png */; };
		08D515ED1B28CB8100E5289B /* LadyBaby.png in Resources */ = {isa = PBXBuildFile; fileRef = 08D515AC1B28CB8100E5289B /* LadyBaby.png */; };
		08D515EE1B28CB8100E5289B /* LadyBaby.png in Resources */ = {isa = PBXBuildFile; fileRef = 08D515AC1B28CB8100E5289B /* LadyBaby.png */; };
		08D515EF1B28CB8100E5289B /* littleGirl.png in Resources */ = {isa = PBXBuildFile; fileRef = 08D515AE1B28CB8100E5289B /* littleGirl.png */; };
		08D515F01B28CB8100E5289B /* littleGirl.png in Resources */ = {isa = PBXBuildFile; fileRef = 08D515AE1B28CB8100E5289B /* littleGirl.png */; };
		08D515F11B28CB8100E5289B /* mad.png in Resources */ = {isa = PBXBuildFile; fileRef = 08D515AF1B28CB8100E5289B /* mad.png */; };
		08D515F21B28CB8100E5289B /* mad.png in Resources */ = {isa = PBXBuildFile; fileRef = 08D515AF1B28CB8100E5289B /* mad.png */; };
		08D515F31B28CB8100E5289B /* MainMenu.png in Resources */ = {isa = PBXBuildFile; fileRef = 08D515B01B28CB8100E5289B /* MainMenu.png */; };
		08D515F41B28CB8100E5289B /* MainMenu.png in Resources */ = {isa = PBXBuildFile; fileRef = 08D515B01B28CB8100E5289B /* MainMenu.png */; };
		08D515F91B28CB8100E5289B /* level2v2.tmx in Resources */ = {isa = PBXBuildFile; fileRef = 08D515B41B28CB8100E5289B /* level2v2.tmx */; };
		08D515FA1B28CB8100E5289B /* level2v2.tmx in Resources */ = {isa = PBXBuildFile; fileRef = 08D515B41B28CB8100E5289B /* level2v2.tmx */; };
		08D515FF1B28CB8100E5289B /* level4v2.tmx in Resources */ = {isa = PBXBuildFile; fileRef = 08D515B71B28CB8100E5289B /* level4v2.tmx */; };
		08D516001B28CB8100E5289B /* level4v2.tmx in Resources */ = {isa = PBXBuildFile; fileRef = 08D515B71B28CB8100E5289B /* level4v2.tmx */; };
		08D516011B28CB8100E5289B /* RoadTiles.pdn in Resources */ = {isa = PBXBuildFile; fileRef = 08D515B81B28CB8100E5289B /* RoadTiles.pdn */; };
		08D516021B28CB8100E5289B /* RoadTiles.pdn in Resources */ = {isa = PBXBuildFile; fileRef = 08D515B81B28CB8100E5289B /* RoadTiles.pdn */; };
		08D516051B28CB8100E5289B /* RoadTilesV2.pdn in Resources */ = {isa = PBXBuildFile; fileRef = 08D515BA1B28CB8100E5289B /* RoadTilesV2.pdn */; };
		08D516061B28CB8100E5289B /* RoadTilesV2.pdn in Resources */ = {isa = PBXBuildFile; fileRef = 08D515BA1B28CB8100E5289B /* RoadTilesV2.pdn */; };
		08D516071B28CB8100E5289B /* RoadTilesV2.png in Resources */ = {isa = PBXBuildFile; fileRef = 08D515BB1B28CB8100E5289B /* RoadTilesV2.png */; };
		08D516081B28CB8100E5289B /* RoadTilesV2.png in Resources */ = {isa = PBXBuildFile; fileRef = 08D515BB1B28CB8100E5289B /* RoadTilesV2.png */; };
		08D516091B28CB8100E5289B /* OldMan.png in Resources */ = {isa = PBXBuildFile; fileRef = 08D515BC1B28CB8100E5289B /* OldMan.png */; };
		08D5160A1B28CB8100E5289B /* OldMan.png in Resources */ = {isa = PBXBuildFile; fileRef = 08D515BC1B28CB8100E5289B /* OldMan.png */; };
		08D5160B1B28CB8100E5289B /* popo.png in Resources */ = {isa = PBXBuildFile; fileRef = 08D515BD1B28CB8100E5289B /* popo.png */; };
		08D5160C1B28CB8100E5289B /* popo.png in Resources */ = {isa = PBXBuildFile; fileRef = 08D515BD1B28CB8100E5289B /* popo.png */; };
		08D5160D1B28CB8100E5289B /* single_green.png in Resources */ = {isa = PBXBuildFile; fileRef = 08D515BE1B28CB8100E5289B /* single_green.png */; };
		08D5160E1B28CB8100E5289B /* single_green.png in Resources */ = {isa = PBXBuildFile; fileRef = 08D515BE1B28CB8100E5289B /* single_green.png */; };
		08D5160F1B28CB8100E5289B /* single_red.png in Resources */ = {isa = PBXBuildFile; fileRef = 08D515BF1B28CB8100E5289B /* single_red.png */; };
		08D516101B28CB8100E5289B /* single_red.png in Resources */ = {isa = PBXBuildFile; fileRef = 08D515BF1B28CB8100E5289B /* single_red.png */; };
		08D516111B28CB8100E5289B /* Ambulence1.png in Resources */ = {isa = PBXBuildFile; fileRef = 08D515C11B28CB8100E5289B /* Ambulence1.png */; };
		08D516121B28CB8100E5289B /* Ambulence1.png in Resources */ = {isa = PBXBuildFile; fileRef = 08D515C11B28CB8100E5289B /* Ambulence1.png */; };
		08D516131B28CB8100E5289B /* Ambulence1L.png in Resources */ = {isa = PBXBuildFile; fileRef = 08D515C21B28CB8100E5289B /* Ambulence1L.png */; };
		08D516141B28CB8100E5289B /* Ambulence1L.png in Resources */ = {isa = PBXBuildFile; fileRef = 08D515C21B28CB8100E5289B /* Ambulence1L.png */; };
		08D516151B28CB8100E5289B /* Ambulence1R.png in Resources */ = {isa = PBXBuildFile; fileRef = 08D515C31B28CB8100E5289B /* Ambulence1R.png */; };
		08D516161B28CB8100E5289B /* Ambulence1R.png in Resources */ = {isa = PBXBuildFile; fileRef = 08D515C31B28CB8100E5289B /* Ambulence1R.png */; };
		08D516171B28CB8100E5289B /* Ambulence2.png in Resources */ = {isa = PBXBuildFile; fileRef = 08D515C41B28CB8100E5289B /* Ambulence2.png */; };
		08D516181B28CB8100E5289B /* Ambulence2.png in Resources */ = {isa = PBXBuildFile; fileRef = 08D515C41B28CB8100E5289B /* Ambulence2.png */; };
		08D516191B28CB8100E5289B /* Ambulence2L.png in Resources */ = {isa = PBXBuildFile; fileRef = 08D515C51B28CB8100E5289B /* Ambulence2L.png */; };
		08D5161A1B28CB8100E5289B /* Ambulence2L.png in Resources */ = {isa = PBXBuildFile; fileRef = 08D515C51B28CB8100E5289B /* Ambulence2L.png */; };
		08D5161B1B28CB8100E5289B /* Ambulence2R.png in Resources */ = {isa = PBXBuildFile; fileRef = 08D515C61B28CB8100E5289B /* Ambulence2R.png */; };
		08D5161C1B28CB8100E5289B /* Ambulence2R.png in Resources */ = {isa = PBXBuildFile; fileRef = 08D515C61B28CB8100E5289B /* Ambulence2R.png */; };
		08D5161D1B28CB8100E5289B /* car_blue.png in Resources */ = {isa = PBXBuildFile; fileRef = 08D515C71B28CB8100E5289B /* car_blue.png */; };
		08D5161E1B28CB8100E5289B /* car_blue.png in Resources */ = {isa = PBXBuildFile; fileRef = 08D515C71B28CB8100E5289B /* car_blue.png */; };
		08D5161F1B28CB8100E5289B /* car_blue_left.png in Resources */ = {isa = PBXBuildFile; fileRef = 08D515C81B28CB8100E5289B /* car_blue_left.png */; };
		08D516201B28CB8100E5289B /* car_blue_left.png in Resources */ = {isa = PBXBuildFile; fileRef = 08D515C81B28CB8100E5289B /* car_blue_left.png */; };
		08D516211B28CB8100E5289B /* car_blue_right.png in Resources */ = {isa = PBXBuildFile; fileRef = 08D515C91B28CB8100E5289B /* car_blue_right.png */; };
		08D516221B28CB8100E5289B /* car_blue_right.png in Resources */ = {isa = PBXBuildFile; fileRef = 08D515C91B28CB8100E5289B /* car_blue_right.png */; };
		08D516231B28CB8100E5289B /* car_cop.png in Resources */ = {isa = PBXBuildFile; fileRef = 08D515CA1B28CB8100E5289B /* car_cop.png */; };
		08D516241B28CB8100E5289B /* car_cop.png in Resources */ = {isa = PBXBuildFile; fileRef = 08D515CA1B28CB8100E5289B /* car_cop.png */; };
		08D516251B28CB8100E5289B /* car_cop1.png in Resources */ = {isa = PBXBuildFile; fileRef = 08D515CB1B28CB8100E5289B /* car_cop1.png */; };
		08D516261B28CB8100E5289B /* car_cop1.png in Resources */ = {isa = PBXBuildFile; fileRef = 08D515CB1B28CB8100E5289B /* car_cop1.png */; };
		08D516271B28CB8100E5289B /* car_cop1L.png in Resources */ = {isa = PBXBuildFile; fileRef = 08D515CC1B28CB8100E5289B /* car_cop1L.png */; };
		08D516281B28CB8100E5289B /* car_cop1L.png in Resources */ = {isa = PBXBuildFile; fileRef = 08D515CC1B28CB8100E5289B /* car_cop1L.png */; };
		08D516291B28CB8100E5289B /* car_cop1R.png in Resources */ = {isa = PBXBuildFile; fileRef = 08D515CD1B28CB8100E5289B /* car_cop1R.png */; };
		08D5162A1B28CB8100E5289B /* car_cop1R.png in Resources */ = {isa = PBXBuildFile; fileRef = 08D515CD1B28CB8100E5289B /* car_cop1R.png */; };
		08D5162B1B28CB8100E5289B /* car_cop2.png in Resources */ = {isa = PBXBuildFile; fileRef = 08D515CE1B28CB8100E5289B /* car_cop2.png */; };
		08D5162C1B28CB8100E5289B /* car_cop2.png in Resources */ = {isa = PBXBuildFile; fileRef = 08D515CE1B28CB8100E5289B /* car_cop2.png */; };
		08D5162D1B28CB8100E5289B /* car_cop2L.png in Resources */ = {isa = PBXBuildFile; fileRef = 08D515CF1B28CB8100E5289B /* car_cop2L.png */; };
		08D5162E1B28CB8100E5289B /* car_cop2L.png in Resources */ = {isa = PBXBuildFile; fileRef = 08D515CF1B28CB8100E5289B /* car_cop2L.png */; };
		08D5162F1B28CB8100E5289B /* car_cop2R.png in Resources */ = {isa = PBXBuildFile; fileRef = 08D515D01B28CB8100E5289B /* car_cop2R.png */; };
		08D516301B28CB8100E5289B /* car_cop2R.png in Resources */ = {isa = PBXBuildFile; fileRef = 08D515D01B28CB8100E5289B /* car_cop2R.png */; };
		08D516311B28CB8100E5289B /* car_red.png in Resources */ = {isa = PBXBuildFile; fileRef = 08D515D11B28CB8100E5289B /* car_red.png */; };
		08D516321B28CB8100E5289B /* car_red.png in Resources */ = {isa = PBXBuildFile; fileRef = 08D515D11B28CB8100E5289B /* car_red.png */; };
		08D516331B28CB8100E5289B /* pickup_green.png in Resources */ = {isa = PBXBuildFile; fileRef = 08D515D21B28CB8100E5289B /* pickup_green.png */; };
		08D516341B28CB8100E5289B /* pickup_green.png in Resources */ = {isa = PBXBuildFile; fileRef = 08D515D21B28CB8100E5289B /* pickup_green.png */; };
		08D516351B28CB8100E5289B /* truck.png in Resources */ = {isa = PBXBuildFile; fileRef = 08D515D31B28CB8100E5289B /* truck.png */; };
		08D516361B28CB8100E5289B /* truck.png in Resources */ = {isa = PBXBuildFile; fileRef = 08D515D31B28CB8100E5289B /* truck.png */; };
		08D516371B28CB8100E5289B /* truckL.png in Resources */ = {isa = PBXBuildFile; fileRef = 08D515D41B28CB8100E5289B /* truckL.png */; };
		08D516381B28CB8100E5289B /* truckL.png in Resources */ = {isa = PBXBuildFile; fileRef = 08D515D41B28CB8100E5289B /* truckL.png */; };
		08D516391B28CB8100E5289B /* truckR.png in Resources */ = {isa = PBXBuildFile; fileRef = 08D515D51B28CB8100E5289B /* truckR.png */; };
		08D5163A1B28CB8100E5289B /* truckR.png in Resources */ = {isa = PBXBuildFile; fileRef = 08D515D51B28CB8100E5289B /* truckR.png */; };
		08D5163B1B28CB8100E5289B /* stoplight_2048.png in Resources */ = {isa = PBXBuildFile; fileRef = 08D515D61B28CB8100E5289B /* stoplight_2048.png */; };
		08D5163C1B28CB8100E5289B /* stoplight_2048.png in Resources */ = {isa = PBXBuildFile; fileRef = 08D515D61B28CB8100E5289B /* stoplight_2048.png */; };
		08D5163D1B28CB8100E5289B /* stoplight_green.png in Resources */ = {isa = PBXBuildFile; fileRef = 08D515D71B28CB8100E5289B /* stoplight_green.png */; };
		08D5163E1B28CB8100E5289B /* stoplight_green.png in Resources */ = {isa = PBXBuildFile; fileRef = 08D515D71B28CB8100E5289B /* stoplight_green.png */; };
		08D5163F1B28CB8100E5289B /* stoplight_red.png in Resources */ = {isa = PBXBuildFile; fileRef = 08D515D81B28CB8100E5289B /* stoplight_red.png */; };
		08D516401B28CB8100E5289B /* stoplight_red.png in Resources */ = {isa = PBXBuildFile; fileRef = 08D515D81B28CB8100E5289B /* stoplight_red.png */; };
		08D516411B28CB8100E5289B /* stoplight_yellow.png in Resources */ = {isa = PBXBuildFile; fileRef = 08D515D91B28CB8100E5289B /* stoplight_yellow.png */; };
		08D516421B28CB8100E5289B /* stoplight_yellow.png in Resources */ = {isa = PBXBuildFile; fileRef = 08D515D91B28CB8100E5289B /* stoplight_yellow.png */; };
		08D516431B28CB8100E5289B /* thought.png in Resources */ = {isa = PBXBuildFile; fileRef = 08D515DA1B28CB8100E5289B /* thought.png */; };
		08D516441B28CB8100E5289B /* thought.png in Resources */ = {isa = PBXBuildFile; fileRef = 08D515DA1B28CB8100E5289B /* thought.png */; };
		08D74BE91B290D4C00E1C8BA /* burnstown_dam.otf in Resources */ = {isa = PBXBuildFile; fileRef = 08D74BC91B290D4C00E1C8BA /* burnstown_dam.otf */; };
		08D74BEA1B290D4C00E1C8BA /* burnstown_dam.otf in Resources */ = {isa = PBXBuildFile; fileRef = 08D74BC91B290D4C00E1C8BA /* burnstown_dam.otf */; };
		08D74BEB1B290D4C00E1C8BA /* Larabie Fonts License.txt in Resources */ = {isa = PBXBuildFile; fileRef = 08D74BCA1B290D4C00E1C8BA /* Larabie Fonts License.txt */; };
		08D74BEC1B290D4C00E1C8BA /* Larabie Fonts License.txt in Resources */ = {isa = PBXBuildFile; fileRef = 08D74BCA1B290D4C00E1C8BA /* Larabie Fonts License.txt */; };
		08D74BED1B290D4C00E1C8BA /* Cpr.Sparhelt font License.txt in Resources */ = {isa = PBXBuildFile; fileRef = 08D74BCC1B290D4C00E1C8BA /* Cpr.Sparhelt font License.txt */; };
		08D74BEE1B290D4C00E1C8BA /* Cpr.Sparhelt font License.txt in Resources */ = {isa = PBXBuildFile; fileRef = 08D74BCC1B290D4C00E1C8BA /* Cpr.Sparhelt font License.txt */; };
		08D74BEF1B290D4C00E1C8BA /* District.ttf in Resources */ = {isa = PBXBuildFile; fileRef = 08D74BCD1B290D4C00E1C8BA /* District.ttf */; };
		08D74BF01B290D4C00E1C8BA /* District.ttf in Resources */ = {isa = PBXBuildFile; fileRef = 08D74BCD1B290D4C00E1C8BA /* District.ttf */; };
		08D74BF11B290D4C00E1C8BA /* JUNEBUG_.ttf in Resources */ = {isa = PBXBuildFile; fileRef = 08D74BCF1B290D4C00E1C8BA /* JUNEBUG_.ttf */; };
		08D74BF21B290D4C00E1C8BA /* JUNEBUG_.ttf in Resources */ = {isa = PBXBuildFile; fileRef = 08D74BCF1B290D4C00E1C8BA /* JUNEBUG_.ttf */; };
		08D74BF31B290D4C00E1C8BA /* pizzadude.dk License.txt in Resources */ = {isa = PBXBuildFile; fileRef = 08D74BD01B290D4C00E1C8BA /* pizzadude.dk License.txt */; };
		08D74BF41B290D4C00E1C8BA /* pizzadude.dk License.txt in Resources */ = {isa = PBXBuildFile; fileRef = 08D74BD01B290D4C00E1C8BA /* pizzadude.dk License.txt */; };
		08D74BF51B290D4C00E1C8BA /* Estefania Hormigo Font License.txt in Resources */ = {isa = PBXBuildFile; fileRef = 08D74BD21B290D4C00E1C8BA /* Estefania Hormigo Font License.txt */; };
		08D74BF61B290D4C00E1C8BA /* Estefania Hormigo Font License.txt in Resources */ = {isa = PBXBuildFile; fileRef = 08D74BD21B290D4C00E1C8BA /* Estefania Hormigo Font License.txt */; };
		08D74BF71B290D4C00E1C8BA /* launica.ttf in Resources */ = {isa = PBXBuildFile; fileRef = 08D74BD31B290D4C00E1C8BA /* launica.ttf */; };
		08D74BF81B290D4C00E1C8BA /* launica.ttf in Resources */ = {isa = PBXBuildFile; fileRef = 08D74BD31B290D4C00E1C8BA /* launica.ttf */; };
		08D74BF91B290D4C00E1C8BA /* Freeware License.txt in Resources */ = {isa = PBXBuildFile; fileRef = 08D74BD51B290D4C00E1C8BA /* Freeware License.txt */; };
		08D74BFA1B290D4C00E1C8BA /* Freeware License.txt in Resources */ = {isa = PBXBuildFile; fileRef = 08D74BD51B290D4C00E1C8BA /* Freeware License.txt */; };
		08D74BFB1B290D4C00E1C8BA /* Lintsec.ttf in Resources */ = {isa = PBXBuildFile; fileRef = 08D74BD61B290D4C00E1C8BA /* Lintsec.ttf */; };
		08D74BFC1B290D4C00E1C8BA /* Lintsec.ttf in Resources */ = {isa = PBXBuildFile; fileRef = 08D74BD61B290D4C00E1C8BA /* Lintsec.ttf */; };
		08D74BFD1B290D4C00E1C8BA /* Font Boutique License.txt in Resources */ = {isa = PBXBuildFile; fileRef = 08D74BD81B290D4C00E1C8BA /* Font Boutique License.txt */; };
		08D74BFE1B290D4C00E1C8BA /* Font Boutique License.txt in Resources */ = {isa = PBXBuildFile; fileRef = 08D74BD81B290D4C00E1C8BA /* Font Boutique License.txt */; };
		08D74BFF1B290D4C00E1C8BA /* NEORD___.ttf in Resources */ = {isa = PBXBuildFile; fileRef = 08D74BD91B290D4C00E1C8BA /* NEORD___.ttf */; };
		08D74C001B290D4C00E1C8BA /* NEORD___.ttf in Resources */ = {isa = PBXBuildFile; fileRef = 08D74BD91B290D4C00E1C8BA /* NEORD___.ttf */; };
		08D74C011B290D4C00E1C8BA /* NEORF___.ttf in Resources */ = {isa = PBXBuildFile; fileRef = 08D74BDA1B290D4C00E1C8BA /* NEORF___.ttf */; };
		08D74C021B290D4C00E1C8BA /* NEORF___.ttf in Resources */ = {isa = PBXBuildFile; fileRef = 08D74BDA1B290D4C00E1C8BA /* NEORF___.ttf */; };
		08D74C031B290D4C00E1C8BA /* NEORS___.ttf in Resources */ = {isa = PBXBuildFile; fileRef = 08D74BDB1B290D4C00E1C8BA /* NEORS___.ttf */; };
		08D74C041B290D4C00E1C8BA /* NEORS___.ttf in Resources */ = {isa = PBXBuildFile; fileRef = 08D74BDB1B290D4C00E1C8BA /* NEORS___.ttf */; };
		08D74C051B290D4C00E1C8BA /* nervous_rex.ttf in Resources */ = {isa = PBXBuildFile; fileRef = 08D74BDD1B290D4C00E1C8BA /* nervous_rex.ttf */; };
		08D74C061B290D4C00E1C8BA /* nervous_rex.ttf in Resources */ = {isa = PBXBuildFile; fileRef = 08D74BDD1B290D4C00E1C8BA /* nervous_rex.ttf */; };
		08D74C071B290D4C00E1C8BA /* Vic Fieger License.txt in Resources */ = {isa = PBXBuildFile; fileRef = 08D74BDE1B290D4C00E1C8BA /* Vic Fieger License.txt */; };
		08D74C081B290D4C00E1C8BA /* Vic Fieger License.txt in Resources */ = {isa = PBXBuildFile; fileRef = 08D74BDE1B290D4C00E1C8BA /* Vic Fieger License.txt */; };
		08D74C091B290D4C00E1C8BA /* Cpr.Sparhelt font License.txt in Resources */ = {isa = PBXBuildFile; fileRef = 08D74BE01B290D4C00E1C8BA /* Cpr.Sparhelt font License.txt */; };
		08D74C0A1B290D4C00E1C8BA /* Cpr.Sparhelt font License.txt in Resources */ = {isa = PBXBuildFile; fileRef = 08D74BE01B290D4C00E1C8BA /* Cpr.Sparhelt font License.txt */; };
		08D74C0B1B290D4C00E1C8BA /* old_stamper.ttf in Resources */ = {isa = PBXBuildFile; fileRef = 08D74BE11B290D4C00E1C8BA /* old_stamper.ttf */; };
		08D74C0C1B290D4C00E1C8BA /* old_stamper.ttf in Resources */ = {isa = PBXBuildFile; fileRef = 08D74BE11B290D4C00E1C8BA /* old_stamper.ttf */; };
		08D74C0D1B290D4C00E1C8BA /* Operatinginstructions.ttf in Resources */ = {isa = PBXBuildFile; fileRef = 08D74BE31B290D4C00E1C8BA /* Operatinginstructions.ttf */; };
		08D74C0E1B290D4C00E1C8BA /* Operatinginstructions.ttf in Resources */ = {isa = PBXBuildFile; fileRef = 08D74BE31B290D4C00E1C8BA /* Operatinginstructions.ttf */; };
		08D74C0F1B290D4C00E1C8BA /* pizzadude.dk License.txt in Resources */ = {isa = PBXBuildFile; fileRef = 08D74BE41B290D4C00E1C8BA /* pizzadude.dk License.txt */; };
		08D74C101B290D4C00E1C8BA /* pizzadude.dk License.txt in Resources */ = {isa = PBXBuildFile; fileRef = 08D74BE41B290D4C00E1C8BA /* pizzadude.dk License.txt */; };
		08D74C111B290D4C00E1C8BA /* pizzadude.dk License.txt in Resources */ = {isa = PBXBuildFile; fileRef = 08D74BE61B290D4C00E1C8BA /* pizzadude.dk License.txt */; };
		08D74C121B290D4C00E1C8BA /* pizzadude.dk License.txt in Resources */ = {isa = PBXBuildFile; fileRef = 08D74BE61B290D4C00E1C8BA /* pizzadude.dk License.txt */; };
		08D74C131B290D4C00E1C8BA /* RADIOLAND.ttf in Resources */ = {isa = PBXBuildFile; fileRef = 08D74BE71B290D4C00E1C8BA /* RADIOLAND.ttf */; };
		08D74C141B290D4C00E1C8BA /* RADIOLAND.ttf in Resources */ = {isa = PBXBuildFile; fileRef = 08D74BE71B290D4C00E1C8BA /* RADIOLAND.ttf */; };
		08D74C151B290D4C00E1C8BA /* RADIOLANDSLIM.ttf in Resources */ = {isa = PBXBuildFile; fileRef = 08D74BE81B290D4C00E1C8BA /* RADIOLANDSLIM.ttf */; };
		08D74C161B290D4C00E1C8BA /* RADIOLANDSLIM.ttf in Resources */ = {isa = PBXBuildFile; fileRef = 08D74BE81B290D4C00E1C8BA /* RADIOLANDSLIM.ttf */; };
		08D8875B1B321454007B860F /* level1v2.tmx in Resources */ = {isa = PBXBuildFile; fileRef = 08D887591B321454007B860F /* level1v2.tmx */; };
		08D8875C1B321454007B860F /* level1v2.tmx in Resources */ = {isa = PBXBuildFile; fileRef = 08D887591B321454007B860F /* level1v2.tmx */; };
		08D8875D1B321454007B860F /* level3v2.tmx in Resources */ = {isa = PBXBuildFile; fileRef = 08D8875A1B321454007B860F /* level3v2.tmx */; };
		08D8875E1B321454007B860F /* level3v2.tmx in Resources */ = {isa = PBXBuildFile; fileRef = 08D8875A1B321454007B860F /* level3v2.tmx */; };
		08D971091B2B44F100F44180 /* LevelScreen.swift in Sources */ = {isa = PBXBuildFile; fileRef = 08D971081B2B44F100F44180 /* LevelScreen.swift */; };
		08D9710A1B2B44F100F44180 /* LevelScreen.swift in Sources */ = {isa = PBXBuildFile; fileRef = 08D971081B2B44F100F44180 /* LevelScreen.swift */; };
		08D9F3E71B29F8BB00FDA871 /* Button.swift in Sources */ = {isa = PBXBuildFile; fileRef = 08D9F3E61B29F8BB00FDA871 /* Button.swift */; };
		08D9F3E81B29F8C100FDA871 /* Button.swift in Sources */ = {isa = PBXBuildFile; fileRef = 08D9F3E61B29F8BB00FDA871 /* Button.swift */; };
		08E123D51B2667CB00B2127F /* TEMPLATESCREEN.swift in Sources */ = {isa = PBXBuildFile; fileRef = 08E123D41B2667CB00B2127F /* TEMPLATESCREEN.swift */; };
		08E123D71B26689E00B2127F /* MyUtils.swift in Sources */ = {isa = PBXBuildFile; fileRef = 08E123D61B26689E00B2127F /* MyUtils.swift */; };
		08E123D91B266A2800B2127F /* MainMenuScreen.swift in Sources */ = {isa = PBXBuildFile; fileRef = 08E123D81B266A2800B2127F /* MainMenuScreen.swift */; };
		08E123DB1B266A7300B2127F /* HelpScreen.swift in Sources */ = {isa = PBXBuildFile; fileRef = 08E123DA1B266A7300B2127F /* HelpScreen.swift */; };
		08E123DE1B266C8700B2127F /* CreditsScreen.swift in Sources */ = {isa = PBXBuildFile; fileRef = 08E123DD1B266C8700B2127F /* CreditsScreen.swift */; };
		08E3B3421B2FBB0D0074DC3E /* Clock.swift in Sources */ = {isa = PBXBuildFile; fileRef = 08E3B3411B2FBB0C0074DC3E /* Clock.swift */; };
		08E3B3431B2FBB0D0074DC3E /* Clock.swift in Sources */ = {isa = PBXBuildFile; fileRef = 08E3B3411B2FBB0C0074DC3E /* Clock.swift */; };
		08FC6D181B28881D004F4824 /* AppDelegate.swift in Sources */ = {isa = PBXBuildFile; fileRef = 08FC6D171B28881D004F4824 /* AppDelegate.swift */; };
		08FC6D1C1B28881D004F4824 /* GameScene.sks in Resources */ = {isa = PBXBuildFile; fileRef = 08FC6D1B1B28881D004F4824 /* GameScene.sks */; };
		08FC6D211B28881D004F4824 /* MainMenu.xib in Resources */ = {isa = PBXBuildFile; fileRef = 08FC6D1F1B28881D004F4824 /* MainMenu.xib */; };
		08FC6D2D1B28881D004F4824 /* Traffic_Cop_MacTests.swift in Sources */ = {isa = PBXBuildFile; fileRef = 08FC6D2C1B28881D004F4824 /* Traffic_Cop_MacTests.swift */; };
		08FC6D341B2888EA004F4824 /* MyUtils.swift in Sources */ = {isa = PBXBuildFile; fileRef = 08E123D61B26689E00B2127F /* MyUtils.swift */; };
		08FC6D351B2888EA004F4824 /* TEMPLATESCREEN.swift in Sources */ = {isa = PBXBuildFile; fileRef = 08E123D41B2667CB00B2127F /* TEMPLATESCREEN.swift */; };
		08FC6D361B2888EA004F4824 /* GameScene.swift in Sources */ = {isa = PBXBuildFile; fileRef = 7DE146461B223E95005DB874 /* GameScene.swift */; };
		08FC6D371B2888EA004F4824 /* HelpScreen.swift in Sources */ = {isa = PBXBuildFile; fileRef = 08E123DA1B266A7300B2127F /* HelpScreen.swift */; };
		08FC6D381B2888EA004F4824 /* MainMenuScreen.swift in Sources */ = {isa = PBXBuildFile; fileRef = 08E123D81B266A2800B2127F /* MainMenuScreen.swift */; };
		08FC6D391B2888EA004F4824 /* CreditsScreen.swift in Sources */ = {isa = PBXBuildFile; fileRef = 08E123DD1B266C8700B2127F /* CreditsScreen.swift */; };
		7DD850731B28AC8100C47FD7 /* libz.dylib in Frameworks */ = {isa = PBXBuildFile; fileRef = 7DD850721B28AC8100C47FD7 /* libz.dylib */; };
		7DD881CC1B28B50100C47FD7 /* TmxTileMapLayer.swift in Sources */ = {isa = PBXBuildFile; fileRef = 7DD881CA1B28B50100C47FD7 /* TmxTileMapLayer.swift */; };
		7DD881D61B28C5CF00C47FD7 /* TileMapLayer.swift in Sources */ = {isa = PBXBuildFile; fileRef = 7DD881D51B28C5CF00C47FD7 /* TileMapLayer.swift */; };
		7DD881DD1B28C8CA00C47FD7 /* JSTileMap.m in Sources */ = {isa = PBXBuildFile; fileRef = 7DD881D91B28C8CA00C47FD7 /* JSTileMap.m */; };
		7DD881DE1B28C8CA00C47FD7 /* LFCGzipUtility.m in Sources */ = {isa = PBXBuildFile; fileRef = 7DD881DB1B28C8CA00C47FD7 /* LFCGzipUtility.m */; };
		7DD881DF1B28C8CA00C47FD7 /* LICENSE.txt in Resources */ = {isa = PBXBuildFile; fileRef = 7DD881DC1B28C8CA00C47FD7 /* LICENSE.txt */; };
		7DE146431B223E95005DB874 /* AppDelegate.swift in Sources */ = {isa = PBXBuildFile; fileRef = 7DE146421B223E95005DB874 /* AppDelegate.swift */; };
		7DE146471B223E95005DB874 /* GameScene.swift in Sources */ = {isa = PBXBuildFile; fileRef = 7DE146461B223E95005DB874 /* GameScene.swift */; };
		7DE146491B223E95005DB874 /* GameViewController.swift in Sources */ = {isa = PBXBuildFile; fileRef = 7DE146481B223E95005DB874 /* GameViewController.swift */; };
		7DE1464C1B223E95005DB874 /* Main.storyboard in Resources */ = {isa = PBXBuildFile; fileRef = 7DE1464A1B223E95005DB874 /* Main.storyboard */; };
		7DE1464E1B223E95005DB874 /* Images.xcassets in Resources */ = {isa = PBXBuildFile; fileRef = 7DE1464D1B223E95005DB874 /* Images.xcassets */; };
		7DE146511B223E95005DB874 /* LaunchScreen.xib in Resources */ = {isa = PBXBuildFile; fileRef = 7DE1464F1B223E95005DB874 /* LaunchScreen.xib */; };
		7DE1465D1B223E96005DB874 /* Traffic_CopTests.swift in Sources */ = {isa = PBXBuildFile; fileRef = 7DE1465C1B223E96005DB874 /* Traffic_CopTests.swift */; };
		7DE146671B223F4F005DB874 /* CarSprite.swift in Sources */ = {isa = PBXBuildFile; fileRef = 7DE146661B223F4F005DB874 /* CarSprite.swift */; };
/* End PBXBuildFile section */

/* Begin PBXContainerItemProxy section */
		08FC6D271B28881D004F4824 /* PBXContainerItemProxy */ = {
			isa = PBXContainerItemProxy;
			containerPortal = 7DE146351B223E95005DB874 /* Project object */;
			proxyType = 1;
			remoteGlobalIDString = 08FC6D121B28881D004F4824;
			remoteInfo = Traffic_Cop_Mac;
		};
		7DE146571B223E96005DB874 /* PBXContainerItemProxy */ = {
			isa = PBXContainerItemProxy;
			containerPortal = 7DE146351B223E95005DB874 /* Project object */;
			proxyType = 1;
			remoteGlobalIDString = 7DE1463C1B223E95005DB874;
			remoteInfo = Traffic_Cop;
		};
/* End PBXContainerItemProxy section */

/* Begin PBXFileReference section */
		05E39ADC1B31DE7300D0F164 /* PeopleSprite.swift */ = {isa = PBXFileReference; fileEncoding = 4; lastKnownFileType = sourcecode.swift; path = PeopleSprite.swift; sourceTree = "<group>"; };
		08C464F41B2CCA1300DC56F8 /* Map.swift */ = {isa = PBXFileReference; fileEncoding = 4; lastKnownFileType = sourcecode.swift; path = Map.swift; sourceTree = "<group>"; };
		08C464F71B2CE5B900DC56F8 /* Settings.swift */ = {isa = PBXFileReference; fileEncoding = 4; lastKnownFileType = sourcecode.swift; path = Settings.swift; sourceTree = "<group>"; };
		08C464FA1B2F0F7900DC56F8 /* GlowBox.swift */ = {isa = PBXFileReference; fileEncoding = 4; lastKnownFileType = sourcecode.swift; path = GlowBox.swift; sourceTree = "<group>"; };
		08C464FD1B2F25A600DC56F8 /* GlowCircle.swift */ = {isa = PBXFileReference; fileEncoding = 4; lastKnownFileType = sourcecode.swift; path = GlowCircle.swift; sourceTree = "<group>"; };
		08D515991B28BAB200E5289B /* DrawText.swift */ = {isa = PBXFileReference; fileEncoding = 4; lastKnownFileType = sourcecode.swift; path = DrawText.swift; sourceTree = "<group>"; };
		08D515A21B28CB8100E5289B /* bg_grass.png */ = {isa = PBXFileReference; lastKnownFileType = image.png; path = bg_grass.png; sourceTree = "<group>"; };
		08D515A31B28CB8100E5289B /* bg_road_one_way.png */ = {isa = PBXFileReference; lastKnownFileType = image.png; path = bg_road_one_way.png; sourceTree = "<group>"; };
		08D515A41B28CB8100E5289B /* bg_road_two_way.png */ = {isa = PBXFileReference; lastKnownFileType = image.png; path = bg_road_two_way.png; sourceTree = "<group>"; };
		08D515A51B28CB8100E5289B /* bg_road_two_way_large.png */ = {isa = PBXFileReference; lastKnownFileType = image.png; path = bg_road_two_way_large.png; sourceTree = "<group>"; };
		08D515A61B28CB8100E5289B /* content.png */ = {isa = PBXFileReference; lastKnownFileType = image.png; path = content.png; sourceTree = "<group>"; };
		08D515A71B28CB8100E5289B /* exclamation.png */ = {isa = PBXFileReference; lastKnownFileType = image.png; path = exclamation.png; sourceTree = "<group>"; };
		08D515A91B28CB8100E5289B /* happy.png */ = {isa = PBXFileReference; lastKnownFileType = image.png; path = happy.png; sourceTree = "<group>"; };
		08D515AA1B28CB8100E5289B /* irritated.png */ = {isa = PBXFileReference; lastKnownFileType = image.png; path = irritated.png; sourceTree = "<group>"; };
		08D515AB1B28CB8100E5289B /* lady.png */ = {isa = PBXFileReference; lastKnownFileType = image.png; path = lady.png; sourceTree = "<group>"; };
		08D515AC1B28CB8100E5289B /* LadyBaby.png */ = {isa = PBXFileReference; lastKnownFileType = image.png; path = LadyBaby.png; sourceTree = "<group>"; };
		08D515AE1B28CB8100E5289B /* littleGirl.png */ = {isa = PBXFileReference; lastKnownFileType = image.png; path = littleGirl.png; sourceTree = "<group>"; };
		08D515AF1B28CB8100E5289B /* mad.png */ = {isa = PBXFileReference; lastKnownFileType = image.png; path = mad.png; sourceTree = "<group>"; };
		08D515B01B28CB8100E5289B /* MainMenu.png */ = {isa = PBXFileReference; lastKnownFileType = image.png; path = MainMenu.png; sourceTree = "<group>"; };
		08D515B41B28CB8100E5289B /* level2v2.tmx */ = {isa = PBXFileReference; fileEncoding = 4; lastKnownFileType = text.xml; path = level2v2.tmx; sourceTree = "<group>"; };
		08D515B71B28CB8100E5289B /* level4v2.tmx */ = {isa = PBXFileReference; fileEncoding = 4; lastKnownFileType = text.xml; path = level4v2.tmx; sourceTree = "<group>"; };
		08D515B81B28CB8100E5289B /* RoadTiles.pdn */ = {isa = PBXFileReference; fileEncoding = 4; lastKnownFileType = text; path = RoadTiles.pdn; sourceTree = "<group>"; };
		08D515BA1B28CB8100E5289B /* RoadTilesV2.pdn */ = {isa = PBXFileReference; lastKnownFileType = text; path = RoadTilesV2.pdn; sourceTree = "<group>"; };
		08D515BB1B28CB8100E5289B /* RoadTilesV2.png */ = {isa = PBXFileReference; lastKnownFileType = image.png; path = RoadTilesV2.png; sourceTree = "<group>"; };
		08D515BC1B28CB8100E5289B /* OldMan.png */ = {isa = PBXFileReference; lastKnownFileType = image.png; path = OldMan.png; sourceTree = "<group>"; };
		08D515BD1B28CB8100E5289B /* popo.png */ = {isa = PBXFileReference; lastKnownFileType = image.png; path = popo.png; sourceTree = "<group>"; };
		08D515BE1B28CB8100E5289B /* single_green.png */ = {isa = PBXFileReference; lastKnownFileType = image.png; path = single_green.png; sourceTree = "<group>"; };
		08D515BF1B28CB8100E5289B /* single_red.png */ = {isa = PBXFileReference; lastKnownFileType = image.png; path = single_red.png; sourceTree = "<group>"; };
		08D515C11B28CB8100E5289B /* Ambulence1.png */ = {isa = PBXFileReference; lastKnownFileType = image.png; path = Ambulence1.png; sourceTree = "<group>"; };
		08D515C21B28CB8100E5289B /* Ambulence1L.png */ = {isa = PBXFileReference; lastKnownFileType = image.png; path = Ambulence1L.png; sourceTree = "<group>"; };
		08D515C31B28CB8100E5289B /* Ambulence1R.png */ = {isa = PBXFileReference; lastKnownFileType = image.png; path = Ambulence1R.png; sourceTree = "<group>"; };
		08D515C41B28CB8100E5289B /* Ambulence2.png */ = {isa = PBXFileReference; lastKnownFileType = image.png; path = Ambulence2.png; sourceTree = "<group>"; };
		08D515C51B28CB8100E5289B /* Ambulence2L.png */ = {isa = PBXFileReference; lastKnownFileType = image.png; path = Ambulence2L.png; sourceTree = "<group>"; };
		08D515C61B28CB8100E5289B /* Ambulence2R.png */ = {isa = PBXFileReference; lastKnownFileType = image.png; path = Ambulence2R.png; sourceTree = "<group>"; };
		08D515C71B28CB8100E5289B /* car_blue.png */ = {isa = PBXFileReference; lastKnownFileType = image.png; path = car_blue.png; sourceTree = "<group>"; };
		08D515C81B28CB8100E5289B /* car_blue_left.png */ = {isa = PBXFileReference; lastKnownFileType = image.png; path = car_blue_left.png; sourceTree = "<group>"; };
		08D515C91B28CB8100E5289B /* car_blue_right.png */ = {isa = PBXFileReference; lastKnownFileType = image.png; path = car_blue_right.png; sourceTree = "<group>"; };
		08D515CA1B28CB8100E5289B /* car_cop.png */ = {isa = PBXFileReference; lastKnownFileType = image.png; path = car_cop.png; sourceTree = "<group>"; };
		08D515CB1B28CB8100E5289B /* car_cop1.png */ = {isa = PBXFileReference; lastKnownFileType = image.png; path = car_cop1.png; sourceTree = "<group>"; };
		08D515CC1B28CB8100E5289B /* car_cop1L.png */ = {isa = PBXFileReference; lastKnownFileType = image.png; path = car_cop1L.png; sourceTree = "<group>"; };
		08D515CD1B28CB8100E5289B /* car_cop1R.png */ = {isa = PBXFileReference; lastKnownFileType = image.png; path = car_cop1R.png; sourceTree = "<group>"; };
		08D515CE1B28CB8100E5289B /* car_cop2.png */ = {isa = PBXFileReference; lastKnownFileType = image.png; path = car_cop2.png; sourceTree = "<group>"; };
		08D515CF1B28CB8100E5289B /* car_cop2L.png */ = {isa = PBXFileReference; lastKnownFileType = image.png; path = car_cop2L.png; sourceTree = "<group>"; };
		08D515D01B28CB8100E5289B /* car_cop2R.png */ = {isa = PBXFileReference; lastKnownFileType = image.png; path = car_cop2R.png; sourceTree = "<group>"; };
		08D515D11B28CB8100E5289B /* car_red.png */ = {isa = PBXFileReference; lastKnownFileType = image.png; path = car_red.png; sourceTree = "<group>"; };
		08D515D21B28CB8100E5289B /* pickup_green.png */ = {isa = PBXFileReference; lastKnownFileType = image.png; path = pickup_green.png; sourceTree = "<group>"; };
		08D515D31B28CB8100E5289B /* truck.png */ = {isa = PBXFileReference; lastKnownFileType = image.png; path = truck.png; sourceTree = "<group>"; };
		08D515D41B28CB8100E5289B /* truckL.png */ = {isa = PBXFileReference; lastKnownFileType = image.png; path = truckL.png; sourceTree = "<group>"; };
		08D515D51B28CB8100E5289B /* truckR.png */ = {isa = PBXFileReference; lastKnownFileType = image.png; path = truckR.png; sourceTree = "<group>"; };
		08D515D61B28CB8100E5289B /* stoplight_2048.png */ = {isa = PBXFileReference; lastKnownFileType = image.png; path = stoplight_2048.png; sourceTree = "<group>"; };
		08D515D71B28CB8100E5289B /* stoplight_green.png */ = {isa = PBXFileReference; lastKnownFileType = image.png; path = stoplight_green.png; sourceTree = "<group>"; };
		08D515D81B28CB8100E5289B /* stoplight_red.png */ = {isa = PBXFileReference; lastKnownFileType = image.png; path = stoplight_red.png; sourceTree = "<group>"; };
		08D515D91B28CB8100E5289B /* stoplight_yellow.png */ = {isa = PBXFileReference; lastKnownFileType = image.png; path = stoplight_yellow.png; sourceTree = "<group>"; };
		08D515DA1B28CB8100E5289B /* thought.png */ = {isa = PBXFileReference; lastKnownFileType = image.png; path = thought.png; sourceTree = "<group>"; };
		08D74BC91B290D4C00E1C8BA /* burnstown_dam.otf */ = {isa = PBXFileReference; lastKnownFileType = file; path = burnstown_dam.otf; sourceTree = "<group>"; };
		08D74BCA1B290D4C00E1C8BA /* Larabie Fonts License.txt */ = {isa = PBXFileReference; fileEncoding = 4; lastKnownFileType = text; path = "Larabie Fonts License.txt"; sourceTree = "<group>"; };
		08D74BCC1B290D4C00E1C8BA /* Cpr.Sparhelt font License.txt */ = {isa = PBXFileReference; fileEncoding = 4; lastKnownFileType = text; path = "Cpr.Sparhelt font License.txt"; sourceTree = "<group>"; };
		08D74BCD1B290D4C00E1C8BA /* District.ttf */ = {isa = PBXFileReference; lastKnownFileType = file; path = District.ttf; sourceTree = "<group>"; };
		08D74BCF1B290D4C00E1C8BA /* JUNEBUG_.ttf */ = {isa = PBXFileReference; lastKnownFileType = file; path = JUNEBUG_.ttf; sourceTree = "<group>"; };
		08D74BD01B290D4C00E1C8BA /* pizzadude.dk License.txt */ = {isa = PBXFileReference; fileEncoding = 4; lastKnownFileType = text; path = "pizzadude.dk License.txt"; sourceTree = "<group>"; };
		08D74BD21B290D4C00E1C8BA /* Estefania Hormigo Font License.txt */ = {isa = PBXFileReference; fileEncoding = 4; lastKnownFileType = text; path = "Estefania Hormigo Font License.txt"; sourceTree = "<group>"; };
		08D74BD31B290D4C00E1C8BA /* launica.ttf */ = {isa = PBXFileReference; lastKnownFileType = file; path = launica.ttf; sourceTree = "<group>"; };
		08D74BD51B290D4C00E1C8BA /* Freeware License.txt */ = {isa = PBXFileReference; fileEncoding = 4; lastKnownFileType = text; path = "Freeware License.txt"; sourceTree = "<group>"; };
		08D74BD61B290D4C00E1C8BA /* Lintsec.ttf */ = {isa = PBXFileReference; lastKnownFileType = file; path = Lintsec.ttf; sourceTree = "<group>"; };
		08D74BD81B290D4C00E1C8BA /* Font Boutique License.txt */ = {isa = PBXFileReference; fileEncoding = 4; lastKnownFileType = text; path = "Font Boutique License.txt"; sourceTree = "<group>"; };
		08D74BD91B290D4C00E1C8BA /* NEORD___.ttf */ = {isa = PBXFileReference; lastKnownFileType = file; path = "NEORD___.ttf"; sourceTree = "<group>"; };
		08D74BDA1B290D4C00E1C8BA /* NEORF___.ttf */ = {isa = PBXFileReference; lastKnownFileType = file; path = "NEORF___.ttf"; sourceTree = "<group>"; };
		08D74BDB1B290D4C00E1C8BA /* NEORS___.ttf */ = {isa = PBXFileReference; lastKnownFileType = file; path = "NEORS___.ttf"; sourceTree = "<group>"; };
		08D74BDD1B290D4C00E1C8BA /* nervous_rex.ttf */ = {isa = PBXFileReference; lastKnownFileType = file; path = nervous_rex.ttf; sourceTree = "<group>"; };
		08D74BDE1B290D4C00E1C8BA /* Vic Fieger License.txt */ = {isa = PBXFileReference; fileEncoding = 4; lastKnownFileType = text; path = "Vic Fieger License.txt"; sourceTree = "<group>"; };
		08D74BE01B290D4C00E1C8BA /* Cpr.Sparhelt font License.txt */ = {isa = PBXFileReference; fileEncoding = 4; lastKnownFileType = text; path = "Cpr.Sparhelt font License.txt"; sourceTree = "<group>"; };
		08D74BE11B290D4C00E1C8BA /* old_stamper.ttf */ = {isa = PBXFileReference; lastKnownFileType = file; path = old_stamper.ttf; sourceTree = "<group>"; };
		08D74BE31B290D4C00E1C8BA /* Operatinginstructions.ttf */ = {isa = PBXFileReference; lastKnownFileType = file; path = Operatinginstructions.ttf; sourceTree = "<group>"; };
		08D74BE41B290D4C00E1C8BA /* pizzadude.dk License.txt */ = {isa = PBXFileReference; fileEncoding = 4; lastKnownFileType = text; path = "pizzadude.dk License.txt"; sourceTree = "<group>"; };
		08D74BE61B290D4C00E1C8BA /* pizzadude.dk License.txt */ = {isa = PBXFileReference; fileEncoding = 4; lastKnownFileType = text; path = "pizzadude.dk License.txt"; sourceTree = "<group>"; };
		08D74BE71B290D4C00E1C8BA /* RADIOLAND.ttf */ = {isa = PBXFileReference; lastKnownFileType = file; path = RADIOLAND.ttf; sourceTree = "<group>"; };
		08D74BE81B290D4C00E1C8BA /* RADIOLANDSLIM.ttf */ = {isa = PBXFileReference; lastKnownFileType = file; path = RADIOLANDSLIM.ttf; sourceTree = "<group>"; };
		08D887591B321454007B860F /* level1v2.tmx */ = {isa = PBXFileReference; fileEncoding = 4; lastKnownFileType = text.xml; path = level1v2.tmx; sourceTree = "<group>"; };
		08D8875A1B321454007B860F /* level3v2.tmx */ = {isa = PBXFileReference; fileEncoding = 4; lastKnownFileType = text.xml; path = level3v2.tmx; sourceTree = "<group>"; };
		08D971081B2B44F100F44180 /* LevelScreen.swift */ = {isa = PBXFileReference; fileEncoding = 4; lastKnownFileType = sourcecode.swift; path = LevelScreen.swift; sourceTree = "<group>"; };
		08D9F3E61B29F8BB00FDA871 /* Button.swift */ = {isa = PBXFileReference; fileEncoding = 4; lastKnownFileType = sourcecode.swift; path = Button.swift; sourceTree = "<group>"; };
		08E123D41B2667CB00B2127F /* TEMPLATESCREEN.swift */ = {isa = PBXFileReference; fileEncoding = 4; lastKnownFileType = sourcecode.swift; path = TEMPLATESCREEN.swift; sourceTree = "<group>"; };
		08E123D61B26689E00B2127F /* MyUtils.swift */ = {isa = PBXFileReference; fileEncoding = 4; lastKnownFileType = sourcecode.swift; name = MyUtils.swift; path = Traffic_Cop/MyUtils.swift; sourceTree = "<group>"; };
		08E123D81B266A2800B2127F /* MainMenuScreen.swift */ = {isa = PBXFileReference; fileEncoding = 4; lastKnownFileType = sourcecode.swift; path = MainMenuScreen.swift; sourceTree = "<group>"; };
		08E123DA1B266A7300B2127F /* HelpScreen.swift */ = {isa = PBXFileReference; fileEncoding = 4; lastKnownFileType = sourcecode.swift; name = HelpScreen.swift; path = ../HelpScreen.swift; sourceTree = "<group>"; };
		08E123DD1B266C8700B2127F /* CreditsScreen.swift */ = {isa = PBXFileReference; fileEncoding = 4; lastKnownFileType = sourcecode.swift; path = CreditsScreen.swift; sourceTree = "<group>"; };
		08E3B3411B2FBB0C0074DC3E /* Clock.swift */ = {isa = PBXFileReference; fileEncoding = 4; lastKnownFileType = sourcecode.swift; path = Clock.swift; sourceTree = "<group>"; };
		08FC6D131B28881D004F4824 /* Traffic_Cop_Mac.app */ = {isa = PBXFileReference; explicitFileType = wrapper.application; includeInIndex = 0; path = Traffic_Cop_Mac.app; sourceTree = BUILT_PRODUCTS_DIR; };
		08FC6D161B28881D004F4824 /* Info.plist */ = {isa = PBXFileReference; lastKnownFileType = text.plist.xml; path = Info.plist; sourceTree = "<group>"; };
		08FC6D171B28881D004F4824 /* AppDelegate.swift */ = {isa = PBXFileReference; lastKnownFileType = sourcecode.swift; path = AppDelegate.swift; sourceTree = "<group>"; };
		08FC6D1B1B28881D004F4824 /* GameScene.sks */ = {isa = PBXFileReference; lastKnownFileType = file.sks; path = GameScene.sks; sourceTree = "<group>"; };
		08FC6D201B28881D004F4824 /* Base */ = {isa = PBXFileReference; lastKnownFileType = file.xib; name = Base; path = Base.lproj/MainMenu.xib; sourceTree = "<group>"; };
		08FC6D261B28881D004F4824 /* Traffic_Cop_MacTests.xctest */ = {isa = PBXFileReference; explicitFileType = wrapper.cfbundle; includeInIndex = 0; path = Traffic_Cop_MacTests.xctest; sourceTree = BUILT_PRODUCTS_DIR; };
		08FC6D2B1B28881D004F4824 /* Info.plist */ = {isa = PBXFileReference; lastKnownFileType = text.plist.xml; path = Info.plist; sourceTree = "<group>"; };
		08FC6D2C1B28881D004F4824 /* Traffic_Cop_MacTests.swift */ = {isa = PBXFileReference; lastKnownFileType = sourcecode.swift; path = Traffic_Cop_MacTests.swift; sourceTree = "<group>"; };
		7DD850721B28AC8100C47FD7 /* libz.dylib */ = {isa = PBXFileReference; lastKnownFileType = "compiled.mach-o.dylib"; name = libz.dylib; path = usr/lib/libz.dylib; sourceTree = SDKROOT; };
		7DD850741B28ADEB00C47FD7 /* TrafficCop-Bridging-Header.h */ = {isa = PBXFileReference; fileEncoding = 4; lastKnownFileType = sourcecode.c.h; name = "TrafficCop-Bridging-Header.h"; path = "Traffic_Cop/TrafficCop-Bridging-Header.h"; sourceTree = "<group>"; };
		7DD881CA1B28B50100C47FD7 /* TmxTileMapLayer.swift */ = {isa = PBXFileReference; fileEncoding = 4; lastKnownFileType = sourcecode.swift; path = TmxTileMapLayer.swift; sourceTree = "<group>"; };
		7DD881D51B28C5CF00C47FD7 /* TileMapLayer.swift */ = {isa = PBXFileReference; fileEncoding = 4; lastKnownFileType = sourcecode.swift; path = TileMapLayer.swift; sourceTree = "<group>"; };
		7DD881D81B28C8CA00C47FD7 /* JSTileMap.h */ = {isa = PBXFileReference; fileEncoding = 4; lastKnownFileType = sourcecode.c.h; path = JSTileMap.h; sourceTree = "<group>"; };
		7DD881D91B28C8CA00C47FD7 /* JSTileMap.m */ = {isa = PBXFileReference; fileEncoding = 4; lastKnownFileType = sourcecode.c.objc; path = JSTileMap.m; sourceTree = "<group>"; };
		7DD881DA1B28C8CA00C47FD7 /* LFCGzipUtility.h */ = {isa = PBXFileReference; fileEncoding = 4; lastKnownFileType = sourcecode.c.h; path = LFCGzipUtility.h; sourceTree = "<group>"; };
		7DD881DB1B28C8CA00C47FD7 /* LFCGzipUtility.m */ = {isa = PBXFileReference; fileEncoding = 4; lastKnownFileType = sourcecode.c.objc; path = LFCGzipUtility.m; sourceTree = "<group>"; };
		7DD881DC1B28C8CA00C47FD7 /* LICENSE.txt */ = {isa = PBXFileReference; fileEncoding = 4; lastKnownFileType = text; path = LICENSE.txt; sourceTree = "<group>"; };
		7DE1463D1B223E95005DB874 /* Traffic_Cop.app */ = {isa = PBXFileReference; explicitFileType = wrapper.application; includeInIndex = 0; path = Traffic_Cop.app; sourceTree = BUILT_PRODUCTS_DIR; };
		7DE146411B223E95005DB874 /* Info.plist */ = {isa = PBXFileReference; lastKnownFileType = text.plist.xml; path = Info.plist; sourceTree = "<group>"; };
		7DE146421B223E95005DB874 /* AppDelegate.swift */ = {isa = PBXFileReference; lastKnownFileType = sourcecode.swift; path = AppDelegate.swift; sourceTree = "<group>"; };
		7DE146461B223E95005DB874 /* GameScene.swift */ = {isa = PBXFileReference; lastKnownFileType = sourcecode.swift; path = GameScene.swift; sourceTree = "<group>"; };
		7DE146481B223E95005DB874 /* GameViewController.swift */ = {isa = PBXFileReference; lastKnownFileType = sourcecode.swift; path = GameViewController.swift; sourceTree = "<group>"; };
		7DE1464B1B223E95005DB874 /* Base */ = {isa = PBXFileReference; lastKnownFileType = file.storyboard; name = Base; path = Base.lproj/Main.storyboard; sourceTree = "<group>"; };
		7DE1464D1B223E95005DB874 /* Images.xcassets */ = {isa = PBXFileReference; lastKnownFileType = folder.assetcatalog; name = Images.xcassets; path = Traffic_Cop/Images.xcassets; sourceTree = "<group>"; };
		7DE146501B223E95005DB874 /* Base */ = {isa = PBXFileReference; lastKnownFileType = file.xib; name = Base; path = Base.lproj/LaunchScreen.xib; sourceTree = "<group>"; };
		7DE146561B223E96005DB874 /* Traffic_CopTests.xctest */ = {isa = PBXFileReference; explicitFileType = wrapper.cfbundle; includeInIndex = 0; path = Traffic_CopTests.xctest; sourceTree = BUILT_PRODUCTS_DIR; };
		7DE1465B1B223E96005DB874 /* Info.plist */ = {isa = PBXFileReference; lastKnownFileType = text.plist.xml; path = Info.plist; sourceTree = "<group>"; };
		7DE1465C1B223E96005DB874 /* Traffic_CopTests.swift */ = {isa = PBXFileReference; lastKnownFileType = sourcecode.swift; path = Traffic_CopTests.swift; sourceTree = "<group>"; };
		7DE146661B223F4F005DB874 /* CarSprite.swift */ = {isa = PBXFileReference; fileEncoding = 4; lastKnownFileType = sourcecode.swift; name = CarSprite.swift; path = Traffic_Cop/CarSprite.swift; sourceTree = "<group>"; };
/* End PBXFileReference section */

/* Begin PBXFrameworksBuildPhase section */
		08FC6D101B28881D004F4824 /* Frameworks */ = {
			isa = PBXFrameworksBuildPhase;
			buildActionMask = 2147483647;
			files = (
			);
			runOnlyForDeploymentPostprocessing = 0;
		};
		08FC6D231B28881D004F4824 /* Frameworks */ = {
			isa = PBXFrameworksBuildPhase;
			buildActionMask = 2147483647;
			files = (
			);
			runOnlyForDeploymentPostprocessing = 0;
		};
		7DE1463A1B223E95005DB874 /* Frameworks */ = {
			isa = PBXFrameworksBuildPhase;
			buildActionMask = 2147483647;
			files = (
				7DD850731B28AC8100C47FD7 /* libz.dylib in Frameworks */,
			);
			runOnlyForDeploymentPostprocessing = 0;
		};
		7DE146531B223E96005DB874 /* Frameworks */ = {
			isa = PBXFrameworksBuildPhase;
			buildActionMask = 2147483647;
			files = (
			);
			runOnlyForDeploymentPostprocessing = 0;
		};
/* End PBXFrameworksBuildPhase section */

/* Begin PBXGroup section */
		08D515A11B28CB8100E5289B /* Assets */ = {
			isa = PBXGroup;
			children = (
				08D74BC71B290D4C00E1C8BA /* Fonts */,
				08D515A21B28CB8100E5289B /* bg_grass.png */,
				08D515A31B28CB8100E5289B /* bg_road_one_way.png */,
				08D515A41B28CB8100E5289B /* bg_road_two_way.png */,
				08D515A51B28CB8100E5289B /* bg_road_two_way_large.png */,
				08D515A61B28CB8100E5289B /* content.png */,
				08D515A71B28CB8100E5289B /* exclamation.png */,
				08D515A81B28CB8100E5289B /* Extra Cars */,
				08D515A91B28CB8100E5289B /* happy.png */,
				08D515AA1B28CB8100E5289B /* irritated.png */,
				08D515AB1B28CB8100E5289B /* lady.png */,
				08D515AC1B28CB8100E5289B /* LadyBaby.png */,
				08D515AD1B28CB8100E5289B /* Large Cars */,
				08D515AE1B28CB8100E5289B /* littleGirl.png */,
				08D515AF1B28CB8100E5289B /* mad.png */,
				08D515B01B28CB8100E5289B /* MainMenu.png */,
				08D515B11B28CB8100E5289B /* Map */,
				08D515BC1B28CB8100E5289B /* OldMan.png */,
				08D515BD1B28CB8100E5289B /* popo.png */,
				08D515BE1B28CB8100E5289B /* single_green.png */,
				08D515BF1B28CB8100E5289B /* single_red.png */,
				08D515C01B28CB8100E5289B /* Small Cars */,
				08D515D61B28CB8100E5289B /* stoplight_2048.png */,
				08D515D71B28CB8100E5289B /* stoplight_green.png */,
				08D515D81B28CB8100E5289B /* stoplight_red.png */,
				08D515D91B28CB8100E5289B /* stoplight_yellow.png */,
				08D515DA1B28CB8100E5289B /* thought.png */,
			);
			path = Assets;
			sourceTree = "<group>";
		};
		08D515A81B28CB8100E5289B /* Extra Cars */ = {
			isa = PBXGroup;
			children = (
			);
			path = "Extra Cars";
			sourceTree = "<group>";
		};
		08D515AD1B28CB8100E5289B /* Large Cars */ = {
			isa = PBXGroup;
			children = (
			);
			path = "Large Cars";
			sourceTree = "<group>";
		};
		08D515B11B28CB8100E5289B /* Map */ = {
			isa = PBXGroup;
			children = (
				08D887591B321454007B860F /* level1v2.tmx */,
				08D8875A1B321454007B860F /* level3v2.tmx */,
				08D515B41B28CB8100E5289B /* level2v2.tmx */,
				08D515B71B28CB8100E5289B /* level4v2.tmx */,
				08D515B81B28CB8100E5289B /* RoadTiles.pdn */,
				08D515BA1B28CB8100E5289B /* RoadTilesV2.pdn */,
				08D515BB1B28CB8100E5289B /* RoadTilesV2.png */,
			);
			path = Map;
			sourceTree = "<group>";
		};
		08D515C01B28CB8100E5289B /* Small Cars */ = {
			isa = PBXGroup;
			children = (
				08D515C11B28CB8100E5289B /* Ambulence1.png */,
				08D515C21B28CB8100E5289B /* Ambulence1L.png */,
				08D515C31B28CB8100E5289B /* Ambulence1R.png */,
				08D515C41B28CB8100E5289B /* Ambulence2.png */,
				08D515C51B28CB8100E5289B /* Ambulence2L.png */,
				08D515C61B28CB8100E5289B /* Ambulence2R.png */,
				08D515C71B28CB8100E5289B /* car_blue.png */,
				08D515C81B28CB8100E5289B /* car_blue_left.png */,
				08D515C91B28CB8100E5289B /* car_blue_right.png */,
				08D515CA1B28CB8100E5289B /* car_cop.png */,
				08D515CB1B28CB8100E5289B /* car_cop1.png */,
				08D515CC1B28CB8100E5289B /* car_cop1L.png */,
				08D515CD1B28CB8100E5289B /* car_cop1R.png */,
				08D515CE1B28CB8100E5289B /* car_cop2.png */,
				08D515CF1B28CB8100E5289B /* car_cop2L.png */,
				08D515D01B28CB8100E5289B /* car_cop2R.png */,
				08D515D11B28CB8100E5289B /* car_red.png */,
				08D515D21B28CB8100E5289B /* pickup_green.png */,
				08D515D31B28CB8100E5289B /* truck.png */,
				08D515D41B28CB8100E5289B /* truckL.png */,
				08D515D51B28CB8100E5289B /* truckR.png */,
			);
			path = "Small Cars";
			sourceTree = "<group>";
		};
		08D74BC71B290D4C00E1C8BA /* Fonts */ = {
			isa = PBXGroup;
			children = (
				08D74BC81B290D4C00E1C8BA /* Burnstown-Dam */,
				08D74BCB1B290D4C00E1C8BA /* District */,
				08D74BCE1B290D4C00E1C8BA /* JuneBug */,
				08D74BD11B290D4C00E1C8BA /* la-unica */,
				08D74BD41B290D4C00E1C8BA /* Lintsec */,
				08D74BD71B290D4C00E1C8BA /* NeoRetroDraw */,
				08D74BDC1B290D4C00E1C8BA /* Nervous-Rex */,
				08D74BDF1B290D4C00E1C8BA /* Old-Stamper */,
				08D74BE21B290D4C00E1C8BA /* Operating-instructions */,
				08D74BE51B290D4C00E1C8BA /* Radioland */,
			);
			path = Fonts;
			sourceTree = "<group>";
		};
		08D74BC81B290D4C00E1C8BA /* Burnstown-Dam */ = {
			isa = PBXGroup;
			children = (
				08D74BC91B290D4C00E1C8BA /* burnstown_dam.otf */,
				08D74BCA1B290D4C00E1C8BA /* Larabie Fonts License.txt */,
			);
			path = "Burnstown-Dam";
			sourceTree = "<group>";
		};
		08D74BCB1B290D4C00E1C8BA /* District */ = {
			isa = PBXGroup;
			children = (
				08D74BCC1B290D4C00E1C8BA /* Cpr.Sparhelt font License.txt */,
				08D74BCD1B290D4C00E1C8BA /* District.ttf */,
			);
			path = District;
			sourceTree = "<group>";
		};
		08D74BCE1B290D4C00E1C8BA /* JuneBug */ = {
			isa = PBXGroup;
			children = (
				08D74BCF1B290D4C00E1C8BA /* JUNEBUG_.ttf */,
				08D74BD01B290D4C00E1C8BA /* pizzadude.dk License.txt */,
			);
			path = JuneBug;
			sourceTree = "<group>";
		};
		08D74BD11B290D4C00E1C8BA /* la-unica */ = {
			isa = PBXGroup;
			children = (
				08D74BD21B290D4C00E1C8BA /* Estefania Hormigo Font License.txt */,
				08D74BD31B290D4C00E1C8BA /* launica.ttf */,
			);
			path = "la-unica";
			sourceTree = "<group>";
		};
		08D74BD41B290D4C00E1C8BA /* Lintsec */ = {
			isa = PBXGroup;
			children = (
				08D74BD51B290D4C00E1C8BA /* Freeware License.txt */,
				08D74BD61B290D4C00E1C8BA /* Lintsec.ttf */,
			);
			path = Lintsec;
			sourceTree = "<group>";
		};
		08D74BD71B290D4C00E1C8BA /* NeoRetroDraw */ = {
			isa = PBXGroup;
			children = (
				08D74BD81B290D4C00E1C8BA /* Font Boutique License.txt */,
				08D74BD91B290D4C00E1C8BA /* NEORD___.ttf */,
				08D74BDA1B290D4C00E1C8BA /* NEORF___.ttf */,
				08D74BDB1B290D4C00E1C8BA /* NEORS___.ttf */,
			);
			path = NeoRetroDraw;
			sourceTree = "<group>";
		};
		08D74BDC1B290D4C00E1C8BA /* Nervous-Rex */ = {
			isa = PBXGroup;
			children = (
				08D74BDD1B290D4C00E1C8BA /* nervous_rex.ttf */,
				08D74BDE1B290D4C00E1C8BA /* Vic Fieger License.txt */,
			);
			path = "Nervous-Rex";
			sourceTree = "<group>";
		};
		08D74BDF1B290D4C00E1C8BA /* Old-Stamper */ = {
			isa = PBXGroup;
			children = (
				08D74BE01B290D4C00E1C8BA /* Cpr.Sparhelt font License.txt */,
				08D74BE11B290D4C00E1C8BA /* old_stamper.ttf */,
			);
			path = "Old-Stamper";
			sourceTree = "<group>";
		};
		08D74BE21B290D4C00E1C8BA /* Operating-instructions */ = {
			isa = PBXGroup;
			children = (
				08D74BE31B290D4C00E1C8BA /* Operatinginstructions.ttf */,
				08D74BE41B290D4C00E1C8BA /* pizzadude.dk License.txt */,
			);
			path = "Operating-instructions";
			sourceTree = "<group>";
		};
		08D74BE51B290D4C00E1C8BA /* Radioland */ = {
			isa = PBXGroup;
			children = (
				08D74BE61B290D4C00E1C8BA /* pizzadude.dk License.txt */,
				08D74BE71B290D4C00E1C8BA /* RADIOLAND.ttf */,
				08D74BE81B290D4C00E1C8BA /* RADIOLANDSLIM.ttf */,
			);
			path = Radioland;
			sourceTree = "<group>";
		};
		08E123DC1B266C3A00B2127F /* Screens */ = {
			isa = PBXGroup;
			children = (
				08E123D41B2667CB00B2127F /* TEMPLATESCREEN.swift */,
				7DE146461B223E95005DB874 /* GameScene.swift */,
				08E123DA1B266A7300B2127F /* HelpScreen.swift */,
				08E123D81B266A2800B2127F /* MainMenuScreen.swift */,
				08E123DD1B266C8700B2127F /* CreditsScreen.swift */,
				08D971081B2B44F100F44180 /* LevelScreen.swift */,
			);
			name = Screens;
			path = Traffic_Cop;
			sourceTree = "<group>";
		};
		08FC6D0E1B2887CE004F4824 /* Shared */ = {
			isa = PBXGroup;
			children = (
				08D515A11B28CB8100E5289B /* Assets */,
				7DD881D71B28C8CA00C47FD7 /* JSTileMap */,
				08E123DC1B266C3A00B2127F /* Screens */,
				08FC6D671B28895E004F4824 /* Classes */,
				7DE1464D1B223E95005DB874 /* Images.xcassets */,
			);
			name = Shared;
			sourceTree = "<group>";
		};
		08FC6D141B28881D004F4824 /* Traffic_Cop_Mac */ = {
			isa = PBXGroup;
			children = (
				08FC6D171B28881D004F4824 /* AppDelegate.swift */,
				08FC6D1B1B28881D004F4824 /* GameScene.sks */,
				08FC6D1F1B28881D004F4824 /* MainMenu.xib */,
				08FC6D151B28881D004F4824 /* Supporting Files */,
			);
			path = Traffic_Cop_Mac;
			sourceTree = "<group>";
		};
		08FC6D151B28881D004F4824 /* Supporting Files */ = {
			isa = PBXGroup;
			children = (
				08FC6D161B28881D004F4824 /* Info.plist */,
			);
			name = "Supporting Files";
			sourceTree = "<group>";
		};
		08FC6D291B28881D004F4824 /* Traffic_Cop_MacTests */ = {
			isa = PBXGroup;
			children = (
				08FC6D2C1B28881D004F4824 /* Traffic_Cop_MacTests.swift */,
				08FC6D2A1B28881D004F4824 /* Supporting Files */,
			);
			path = Traffic_Cop_MacTests;
			sourceTree = "<group>";
		};
		08FC6D2A1B28881D004F4824 /* Supporting Files */ = {
			isa = PBXGroup;
			children = (
				08FC6D2B1B28881D004F4824 /* Info.plist */,
			);
			name = "Supporting Files";
			sourceTree = "<group>";
		};
		08FC6D671B28895E004F4824 /* Classes */ = {
			isa = PBXGroup;
			children = (
				7DD850741B28ADEB00C47FD7 /* TrafficCop-Bridging-Header.h */,
				7DE146661B223F4F005DB874 /* CarSprite.swift */,
				08E123D61B26689E00B2127F /* MyUtils.swift */,
				05E39ADC1B31DE7300D0F164 /* PeopleSprite.swift */,
				08D515991B28BAB200E5289B /* DrawText.swift */,
				7DD881D51B28C5CF00C47FD7 /* TileMapLayer.swift */,
				08D9F3E61B29F8BB00FDA871 /* Button.swift */,
				08C464F41B2CCA1300DC56F8 /* Map.swift */,
				08C464F71B2CE5B900DC56F8 /* Settings.swift */,
				08C464FA1B2F0F7900DC56F8 /* GlowBox.swift */,
				08C464FD1B2F25A600DC56F8 /* GlowCircle.swift */,
				08E3B3411B2FBB0C0074DC3E /* Clock.swift */,
			);
			name = Classes;
			sourceTree = "<group>";
		};
		7DD881D71B28C8CA00C47FD7 /* JSTileMap */ = {
			isa = PBXGroup;
			children = (
				7DD881D81B28C8CA00C47FD7 /* JSTileMap.h */,
				7DD881D91B28C8CA00C47FD7 /* JSTileMap.m */,
				7DD881DA1B28C8CA00C47FD7 /* LFCGzipUtility.h */,
				7DD881DB1B28C8CA00C47FD7 /* LFCGzipUtility.m */,
				7DD881DC1B28C8CA00C47FD7 /* LICENSE.txt */,
			);
			path = JSTileMap;
			sourceTree = "<group>";
		};
		7DE146341B223E95005DB874 = {
			isa = PBXGroup;
			children = (
				7DD850721B28AC8100C47FD7 /* libz.dylib */,
				08FC6D0E1B2887CE004F4824 /* Shared */,
				7DE1463F1B223E95005DB874 /* Traffic_Cop */,
				7DE146591B223E96005DB874 /* Traffic_CopTests */,
				08FC6D141B28881D004F4824 /* Traffic_Cop_Mac */,
				08FC6D291B28881D004F4824 /* Traffic_Cop_MacTests */,
				7DE1463E1B223E95005DB874 /* Products */,
			);
			sourceTree = "<group>";
		};
		7DE1463E1B223E95005DB874 /* Products */ = {
			isa = PBXGroup;
			children = (
				7DE1463D1B223E95005DB874 /* Traffic_Cop.app */,
				7DE146561B223E96005DB874 /* Traffic_CopTests.xctest */,
				08FC6D131B28881D004F4824 /* Traffic_Cop_Mac.app */,
				08FC6D261B28881D004F4824 /* Traffic_Cop_MacTests.xctest */,
			);
			name = Products;
			sourceTree = "<group>";
		};
		7DE1463F1B223E95005DB874 /* Traffic_Cop */ = {
			isa = PBXGroup;
			children = (
				7DE146481B223E95005DB874 /* GameViewController.swift */,
				7DE146421B223E95005DB874 /* AppDelegate.swift */,
				7DE1464F1B223E95005DB874 /* LaunchScreen.xib */,
				7DE1464A1B223E95005DB874 /* Main.storyboard */,
				7DE146401B223E95005DB874 /* Supporting Files */,
			);
			path = Traffic_Cop;
			sourceTree = "<group>";
		};
		7DE146401B223E95005DB874 /* Supporting Files */ = {
			isa = PBXGroup;
			children = (
				7DE146411B223E95005DB874 /* Info.plist */,
			);
			name = "Supporting Files";
			sourceTree = "<group>";
		};
		7DE146591B223E96005DB874 /* Traffic_CopTests */ = {
			isa = PBXGroup;
			children = (
				7DE1465C1B223E96005DB874 /* Traffic_CopTests.swift */,
				7DE1465A1B223E96005DB874 /* Supporting Files */,
			);
			path = Traffic_CopTests;
			sourceTree = "<group>";
		};
		7DE1465A1B223E96005DB874 /* Supporting Files */ = {
			isa = PBXGroup;
			children = (
				7DE1465B1B223E96005DB874 /* Info.plist */,
			);
			name = "Supporting Files";
			sourceTree = "<group>";
		};
/* End PBXGroup section */

/* Begin PBXNativeTarget section */
		08FC6D121B28881D004F4824 /* Traffic_Cop_Mac */ = {
			isa = PBXNativeTarget;
			buildConfigurationList = 08FC6D2E1B28881D004F4824 /* Build configuration list for PBXNativeTarget "Traffic_Cop_Mac" */;
			buildPhases = (
				08FC6D0F1B28881D004F4824 /* Sources */,
				08FC6D101B28881D004F4824 /* Frameworks */,
				08FC6D111B28881D004F4824 /* Resources */,
			);
			buildRules = (
			);
			dependencies = (
			);
			name = Traffic_Cop_Mac;
			productName = Traffic_Cop_Mac;
			productReference = 08FC6D131B28881D004F4824 /* Traffic_Cop_Mac.app */;
			productType = "com.apple.product-type.application";
		};
		08FC6D251B28881D004F4824 /* Traffic_Cop_MacTests */ = {
			isa = PBXNativeTarget;
			buildConfigurationList = 08FC6D311B28881D004F4824 /* Build configuration list for PBXNativeTarget "Traffic_Cop_MacTests" */;
			buildPhases = (
				08FC6D221B28881D004F4824 /* Sources */,
				08FC6D231B28881D004F4824 /* Frameworks */,
				08FC6D241B28881D004F4824 /* Resources */,
			);
			buildRules = (
			);
			dependencies = (
				08FC6D281B28881D004F4824 /* PBXTargetDependency */,
			);
			name = Traffic_Cop_MacTests;
			productName = Traffic_Cop_MacTests;
			productReference = 08FC6D261B28881D004F4824 /* Traffic_Cop_MacTests.xctest */;
			productType = "com.apple.product-type.bundle.unit-test";
		};
		7DE1463C1B223E95005DB874 /* Traffic_Cop */ = {
			isa = PBXNativeTarget;
			buildConfigurationList = 7DE146601B223E96005DB874 /* Build configuration list for PBXNativeTarget "Traffic_Cop" */;
			buildPhases = (
				7DE146391B223E95005DB874 /* Sources */,
				7DE1463A1B223E95005DB874 /* Frameworks */,
				7DE1463B1B223E95005DB874 /* Resources */,
			);
			buildRules = (
			);
			dependencies = (
			);
			name = Traffic_Cop;
			productName = Traffic_Cop;
			productReference = 7DE1463D1B223E95005DB874 /* Traffic_Cop.app */;
			productType = "com.apple.product-type.application";
		};
		7DE146551B223E96005DB874 /* Traffic_CopTests */ = {
			isa = PBXNativeTarget;
			buildConfigurationList = 7DE146631B223E96005DB874 /* Build configuration list for PBXNativeTarget "Traffic_CopTests" */;
			buildPhases = (
				7DE146521B223E96005DB874 /* Sources */,
				7DE146531B223E96005DB874 /* Frameworks */,
				7DE146541B223E96005DB874 /* Resources */,
			);
			buildRules = (
			);
			dependencies = (
				7DE146581B223E96005DB874 /* PBXTargetDependency */,
			);
			name = Traffic_CopTests;
			productName = Traffic_CopTests;
			productReference = 7DE146561B223E96005DB874 /* Traffic_CopTests.xctest */;
			productType = "com.apple.product-type.bundle.unit-test";
		};
/* End PBXNativeTarget section */

/* Begin PBXProject section */
		7DE146351B223E95005DB874 /* Project object */ = {
			isa = PBXProject;
			attributes = {
				LastUpgradeCheck = 0630;
				ORGANIZATIONNAME = Mat_Nicole_Justin;
				TargetAttributes = {
					08FC6D121B28881D004F4824 = {
						CreatedOnToolsVersion = 6.3.2;
					};
					08FC6D251B28881D004F4824 = {
						CreatedOnToolsVersion = 6.3.2;
						TestTargetID = 08FC6D121B28881D004F4824;
					};
					7DE1463C1B223E95005DB874 = {
						CreatedOnToolsVersion = 6.3.2;
						DevelopmentTeam = 45ZPD83ZTY;
					};
					7DE146551B223E96005DB874 = {
						CreatedOnToolsVersion = 6.3.2;
						TestTargetID = 7DE1463C1B223E95005DB874;
					};
				};
			};
			buildConfigurationList = 7DE146381B223E95005DB874 /* Build configuration list for PBXProject "Traffic_Cop" */;
			compatibilityVersion = "Xcode 3.2";
			developmentRegion = English;
			hasScannedForEncodings = 0;
			knownRegions = (
				en,
				Base,
			);
			mainGroup = 7DE146341B223E95005DB874;
			productRefGroup = 7DE1463E1B223E95005DB874 /* Products */;
			projectDirPath = "";
			projectRoot = "";
			targets = (
				7DE1463C1B223E95005DB874 /* Traffic_Cop */,
				7DE146551B223E96005DB874 /* Traffic_CopTests */,
				08FC6D121B28881D004F4824 /* Traffic_Cop_Mac */,
				08FC6D251B28881D004F4824 /* Traffic_Cop_MacTests */,
			);
		};
/* End PBXProject section */

/* Begin PBXResourcesBuildPhase section */
		08FC6D111B28881D004F4824 /* Resources */ = {
			isa = PBXResourcesBuildPhase;
			buildActionMask = 2147483647;
			files = (
				08FC6D1C1B28881D004F4824 /* GameScene.sks in Resources */,
				08D515E21B28CB8100E5289B /* bg_road_two_way_large.png in Resources */,
				08D5161A1B28CB8100E5289B /* Ambulence2L.png in Resources */,
				08D5160C1B28CB8100E5289B /* popo.png in Resources */,
				08D515F21B28CB8100E5289B /* mad.png in Resources */,
				08D516361B28CB8100E5289B /* truck.png in Resources */,
				08D516101B28CB8100E5289B /* single_red.png in Resources */,
				08D516081B28CB8100E5289B /* RoadTilesV2.png in Resources */,
				08D74C161B290D4C00E1C8BA /* RADIOLANDSLIM.ttf in Resources */,
				08D515EA1B28CB8100E5289B /* irritated.png in Resources */,
				08D74BEC1B290D4C00E1C8BA /* Larabie Fonts License.txt in Resources */,
				08D516301B28CB8100E5289B /* car_cop2R.png in Resources */,
				08D5163A1B28CB8100E5289B /* truckR.png in Resources */,
				08D515E41B28CB8100E5289B /* content.png in Resources */,
				08D516061B28CB8100E5289B /* RoadTilesV2.pdn in Resources */,
				08D516021B28CB8100E5289B /* RoadTiles.pdn in Resources */,
				08D74BF81B290D4C00E1C8BA /* launica.ttf in Resources */,
				08D515EC1B28CB8100E5289B /* lady.png in Resources */,
				08D5160A1B28CB8100E5289B /* OldMan.png in Resources */,
				08D5162A1B28CB8100E5289B /* car_cop1R.png in Resources */,
				08D74BEE1B290D4C00E1C8BA /* Cpr.Sparhelt font License.txt in Resources */,
				08D74BFC1B290D4C00E1C8BA /* Lintsec.ttf in Resources */,
				08D74C121B290D4C00E1C8BA /* pizzadude.dk License.txt in Resources */,
				08D515DE1B28CB8100E5289B /* bg_road_one_way.png in Resources */,
				08D515F41B28CB8100E5289B /* MainMenu.png in Resources */,
				08D516321B28CB8100E5289B /* car_red.png in Resources */,
				08D516241B28CB8100E5289B /* car_cop.png in Resources */,
				08D516341B28CB8100E5289B /* pickup_green.png in Resources */,
				08FC6D211B28881D004F4824 /* MainMenu.xib in Resources */,
				08D516201B28CB8100E5289B /* car_blue_left.png in Resources */,
				08D516381B28CB8100E5289B /* truckL.png in Resources */,
				08D74C101B290D4C00E1C8BA /* pizzadude.dk License.txt in Resources */,
				08D74C081B290D4C00E1C8BA /* Vic Fieger License.txt in Resources */,
				08D74C021B290D4C00E1C8BA /* NEORF___.ttf in Resources */,
				08D516161B28CB8100E5289B /* Ambulence1R.png in Resources */,
				08D74C141B290D4C00E1C8BA /* RADIOLAND.ttf in Resources */,
				08D74BF01B290D4C00E1C8BA /* District.ttf in Resources */,
				08D515DC1B28CB8100E5289B /* bg_grass.png in Resources */,
				08D74BF41B290D4C00E1C8BA /* pizzadude.dk License.txt in Resources */,
				08D74BF61B290D4C00E1C8BA /* Estefania Hormigo Font License.txt in Resources */,
				08D516401B28CB8100E5289B /* stoplight_red.png in Resources */,
				08D74C001B290D4C00E1C8BA /* NEORD___.ttf in Resources */,
				08D5163C1B28CB8100E5289B /* stoplight_2048.png in Resources */,
				08D515F01B28CB8100E5289B /* littleGirl.png in Resources */,
				08D74C0A1B290D4C00E1C8BA /* Cpr.Sparhelt font License.txt in Resources */,
				08D516121B28CB8100E5289B /* Ambulence1.png in Resources */,
				08D516181B28CB8100E5289B /* Ambulence2.png in Resources */,
				08D74BEA1B290D4C00E1C8BA /* burnstown_dam.otf in Resources */,
				08D515E01B28CB8100E5289B /* bg_road_two_way.png in Resources */,
				08D516421B28CB8100E5289B /* stoplight_yellow.png in Resources */,
				08D515FA1B28CB8100E5289B /* level2v2.tmx in Resources */,
				08D5160E1B28CB8100E5289B /* single_green.png in Resources */,
				08D8875E1B321454007B860F /* level3v2.tmx in Resources */,
				08D515E61B28CB8100E5289B /* exclamation.png in Resources */,
				08D5161E1B28CB8100E5289B /* car_blue.png in Resources */,
				08D74C0E1B290D4C00E1C8BA /* Operatinginstructions.ttf in Resources */,
				08D74C061B290D4C00E1C8BA /* nervous_rex.ttf in Resources */,
				08D74C041B290D4C00E1C8BA /* NEORS___.ttf in Resources */,
				08D74C0C1B290D4C00E1C8BA /* old_stamper.ttf in Resources */,
				08D8875C1B321454007B860F /* level1v2.tmx in Resources */,
				08D516261B28CB8100E5289B /* car_cop1.png in Resources */,
				08D5162C1B28CB8100E5289B /* car_cop2.png in Resources */,
				08D516001B28CB8100E5289B /* level4v2.tmx in Resources */,
				08D515E81B28CB8100E5289B /* happy.png in Resources */,
				08D74BFE1B290D4C00E1C8BA /* Font Boutique License.txt in Resources */,
				08D516141B28CB8100E5289B /* Ambulence1L.png in Resources */,
				08D5163E1B28CB8100E5289B /* stoplight_green.png in Resources */,
				08D74BFA1B290D4C00E1C8BA /* Freeware License.txt in Resources */,
				08D74BF21B290D4C00E1C8BA /* JUNEBUG_.ttf in Resources */,
				08D516441B28CB8100E5289B /* thought.png in Resources */,
				08D516281B28CB8100E5289B /* car_cop1L.png in Resources */,
				08D516221B28CB8100E5289B /* car_blue_right.png in Resources */,
				08D5162E1B28CB8100E5289B /* car_cop2L.png in Resources */,
				08D515EE1B28CB8100E5289B /* LadyBaby.png in Resources */,
				08D5161C1B28CB8100E5289B /* Ambulence2R.png in Resources */,
			);
			runOnlyForDeploymentPostprocessing = 0;
		};
		08FC6D241B28881D004F4824 /* Resources */ = {
			isa = PBXResourcesBuildPhase;
			buildActionMask = 2147483647;
			files = (
			);
			runOnlyForDeploymentPostprocessing = 0;
		};
		7DE1463B1B223E95005DB874 /* Resources */ = {
			isa = PBXResourcesBuildPhase;
			buildActionMask = 2147483647;
			files = (
				08D516071B28CB8100E5289B /* RoadTilesV2.png in Resources */,
				08D5162B1B28CB8100E5289B /* car_cop2.png in Resources */,
				08D516251B28CB8100E5289B /* car_cop1.png in Resources */,
				08D5163B1B28CB8100E5289B /* stoplight_2048.png in Resources */,
				08D516231B28CB8100E5289B /* car_cop.png in Resources */,
				08D516271B28CB8100E5289B /* car_cop1L.png in Resources */,
				08D74BEF1B290D4C00E1C8BA /* District.ttf in Resources */,
				08D5162F1B28CB8100E5289B /* car_cop2R.png in Resources */,
				08D74C0F1B290D4C00E1C8BA /* pizzadude.dk License.txt in Resources */,
				08D74BF51B290D4C00E1C8BA /* Estefania Hormigo Font License.txt in Resources */,
				08D515FF1B28CB8100E5289B /* level4v2.tmx in Resources */,
				08D516331B28CB8100E5289B /* pickup_green.png in Resources */,
				08D516051B28CB8100E5289B /* RoadTilesV2.pdn in Resources */,
				08D516371B28CB8100E5289B /* truckL.png in Resources */,
				08D515E31B28CB8100E5289B /* content.png in Resources */,
				08D515DB1B28CB8100E5289B /* bg_grass.png in Resources */,
				08D516091B28CB8100E5289B /* OldMan.png in Resources */,
				7DE146511B223E95005DB874 /* LaunchScreen.xib in Resources */,
				08D74C111B290D4C00E1C8BA /* pizzadude.dk License.txt in Resources */,
				08D515F31B28CB8100E5289B /* MainMenu.png in Resources */,
				08D8875B1B321454007B860F /* level1v2.tmx in Resources */,
				08D515DF1B28CB8100E5289B /* bg_road_two_way.png in Resources */,
				08D516151B28CB8100E5289B /* Ambulence1R.png in Resources */,
				08D74C131B290D4C00E1C8BA /* RADIOLAND.ttf in Resources */,
				08D515E71B28CB8100E5289B /* happy.png in Resources */,
				08D516171B28CB8100E5289B /* Ambulence2.png in Resources */,
				08D74BFB1B290D4C00E1C8BA /* Lintsec.ttf in Resources */,
				7DE1464E1B223E95005DB874 /* Images.xcassets in Resources */,
				08D515E51B28CB8100E5289B /* exclamation.png in Resources */,
				08D5163D1B28CB8100E5289B /* stoplight_green.png in Resources */,
				7DE1464C1B223E95005DB874 /* Main.storyboard in Resources */,
				08D515E91B28CB8100E5289B /* irritated.png in Resources */,
				08D74BE91B290D4C00E1C8BA /* burnstown_dam.otf in Resources */,
				08D74BF31B290D4C00E1C8BA /* pizzadude.dk License.txt in Resources */,
				08D5160D1B28CB8100E5289B /* single_green.png in Resources */,
				08D516131B28CB8100E5289B /* Ambulence1L.png in Resources */,
				08D74C091B290D4C00E1C8BA /* Cpr.Sparhelt font License.txt in Resources */,
				08D74C0B1B290D4C00E1C8BA /* old_stamper.ttf in Resources */,
				08D516211B28CB8100E5289B /* car_blue_right.png in Resources */,
				08D515ED1B28CB8100E5289B /* LadyBaby.png in Resources */,
				08D74BF91B290D4C00E1C8BA /* Freeware License.txt in Resources */,
				08D74BEB1B290D4C00E1C8BA /* Larabie Fonts License.txt in Resources */,
				08D516391B28CB8100E5289B /* truckR.png in Resources */,
				08D515E11B28CB8100E5289B /* bg_road_two_way_large.png in Resources */,
				08D74C051B290D4C00E1C8BA /* nervous_rex.ttf in Resources */,
				7DD881DF1B28C8CA00C47FD7 /* LICENSE.txt in Resources */,
				08D516291B28CB8100E5289B /* car_cop1R.png in Resources */,
				08D74BFF1B290D4C00E1C8BA /* NEORD___.ttf in Resources */,
				08D5160B1B28CB8100E5289B /* popo.png in Resources */,
				08D5161B1B28CB8100E5289B /* Ambulence2R.png in Resources */,
				08D74BFD1B290D4C00E1C8BA /* Font Boutique License.txt in Resources */,
				08D5161D1B28CB8100E5289B /* car_blue.png in Resources */,
				08D515F11B28CB8100E5289B /* mad.png in Resources */,
				08D74C071B290D4C00E1C8BA /* Vic Fieger License.txt in Resources */,
				08D74C0D1B290D4C00E1C8BA /* Operatinginstructions.ttf in Resources */,
				08D516431B28CB8100E5289B /* thought.png in Resources */,
				08D5160F1B28CB8100E5289B /* single_red.png in Resources */,
				08D74C031B290D4C00E1C8BA /* NEORS___.ttf in Resources */,
				08D515EB1B28CB8100E5289B /* lady.png in Resources */,
				08D516011B28CB8100E5289B /* RoadTiles.pdn in Resources */,
				08D74C151B290D4C00E1C8BA /* RADIOLANDSLIM.ttf in Resources */,
				08D515F91B28CB8100E5289B /* level2v2.tmx in Resources */,
				08D5161F1B28CB8100E5289B /* car_blue_left.png in Resources */,
				08D516191B28CB8100E5289B /* Ambulence2L.png in Resources */,
				08D516411B28CB8100E5289B /* stoplight_yellow.png in Resources */,
				08D74C011B290D4C00E1C8BA /* NEORF___.ttf in Resources */,
				08D74BF71B290D4C00E1C8BA /* launica.ttf in Resources */,
				08D8875D1B321454007B860F /* level3v2.tmx in Resources */,
				08D515EF1B28CB8100E5289B /* littleGirl.png in Resources */,
				08D516111B28CB8100E5289B /* Ambulence1.png in Resources */,
				08D515DD1B28CB8100E5289B /* bg_road_one_way.png in Resources */,
				08D74BED1B290D4C00E1C8BA /* Cpr.Sparhelt font License.txt in Resources */,
				08D516351B28CB8100E5289B /* truck.png in Resources */,
				08D516311B28CB8100E5289B /* car_red.png in Resources */,
				08D74BF11B290D4C00E1C8BA /* JUNEBUG_.ttf in Resources */,
				08D5162D1B28CB8100E5289B /* car_cop2L.png in Resources */,
				08D5163F1B28CB8100E5289B /* stoplight_red.png in Resources */,
			);
			runOnlyForDeploymentPostprocessing = 0;
		};
		7DE146541B223E96005DB874 /* Resources */ = {
			isa = PBXResourcesBuildPhase;
			buildActionMask = 2147483647;
			files = (
			);
			runOnlyForDeploymentPostprocessing = 0;
		};
/* End PBXResourcesBuildPhase section */

/* Begin PBXSourcesBuildPhase section */
		08FC6D0F1B28881D004F4824 /* Sources */ = {
			isa = PBXSourcesBuildPhase;
			buildActionMask = 2147483647;
			files = (
				08FC6D181B28881D004F4824 /* AppDelegate.swift in Sources */,
				08FC6D391B2888EA004F4824 /* CreditsScreen.swift in Sources */,
				05E39ADE1B31DE7300D0F164 /* PeopleSprite.swift in Sources */,
				08E3B3431B2FBB0D0074DC3E /* Clock.swift in Sources */,
				08C464F91B2CE5B900DC56F8 /* Settings.swift in Sources */,
				7DD881CC1B28B50100C47FD7 /* TmxTileMapLayer.swift in Sources */,
				08FC6D351B2888EA004F4824 /* TEMPLATESCREEN.swift in Sources */,
				08FC6D361B2888EA004F4824 /* GameScene.swift in Sources */,
				08D9F3E81B29F8C100FDA871 /* Button.swift in Sources */,
				08FC6D341B2888EA004F4824 /* MyUtils.swift in Sources */,
				08D9710A1B2B44F100F44180 /* LevelScreen.swift in Sources */,
				08FC6D371B2888EA004F4824 /* HelpScreen.swift in Sources */,
				08FC6D381B2888EA004F4824 /* MainMenuScreen.swift in Sources */,
				08C464F61B2CCA1300DC56F8 /* Map.swift in Sources */,
				08C464FF1B2F25A600DC56F8 /* GlowCircle.swift in Sources */,
				08C464FC1B2F0F7900DC56F8 /* GlowBox.swift in Sources */,
				08D515A01B28C49400E5289B /* DrawText.swift in Sources */,
			);
			runOnlyForDeploymentPostprocessing = 0;
		};
		08FC6D221B28881D004F4824 /* Sources */ = {
			isa = PBXSourcesBuildPhase;
			buildActionMask = 2147483647;
			files = (
				08FC6D2D1B28881D004F4824 /* Traffic_Cop_MacTests.swift in Sources */,
			);
			runOnlyForDeploymentPostprocessing = 0;
		};
		7DE146391B223E95005DB874 /* Sources */ = {
			isa = PBXSourcesBuildPhase;
			buildActionMask = 2147483647;
			files = (
				08D5159A1B28BAB200E5289B /* DrawText.swift in Sources */,
				7DE146471B223E95005DB874 /* GameScene.swift in Sources */,
				08C464F51B2CCA1300DC56F8 /* Map.swift in Sources */,
				08C464F81B2CE5B900DC56F8 /* Settings.swift in Sources */,
				08E123D91B266A2800B2127F /* MainMenuScreen.swift in Sources */,
				08C464FE1B2F25A600DC56F8 /* GlowCircle.swift in Sources */,
				08D971091B2B44F100F44180 /* LevelScreen.swift in Sources */,
				7DD881DE1B28C8CA00C47FD7 /* LFCGzipUtility.m in Sources */,
				08E123DE1B266C8700B2127F /* CreditsScreen.swift in Sources */,
				08E123D71B26689E00B2127F /* MyUtils.swift in Sources */,
				08E123D51B2667CB00B2127F /* TEMPLATESCREEN.swift in Sources */,
				05E39ADD1B31DE7300D0F164 /* PeopleSprite.swift in Sources */,
				08E123DB1B266A7300B2127F /* HelpScreen.swift in Sources */,
				7DE146491B223E95005DB874 /* GameViewController.swift in Sources */,
				08C464FB1B2F0F7900DC56F8 /* GlowBox.swift in Sources */,
				08E3B3421B2FBB0D0074DC3E /* Clock.swift in Sources */,
				08D9F3E71B29F8BB00FDA871 /* Button.swift in Sources */,
				7DD881D61B28C5CF00C47FD7 /* TileMapLayer.swift in Sources */,
				7DE146431B223E95005DB874 /* AppDelegate.swift in Sources */,
				7DD881DD1B28C8CA00C47FD7 /* JSTileMap.m in Sources */,
				7DE146671B223F4F005DB874 /* CarSprite.swift in Sources */,
			);
			runOnlyForDeploymentPostprocessing = 0;
		};
		7DE146521B223E96005DB874 /* Sources */ = {
			isa = PBXSourcesBuildPhase;
			buildActionMask = 2147483647;
			files = (
				7DE1465D1B223E96005DB874 /* Traffic_CopTests.swift in Sources */,
			);
			runOnlyForDeploymentPostprocessing = 0;
		};
/* End PBXSourcesBuildPhase section */

/* Begin PBXTargetDependency section */
		08FC6D281B28881D004F4824 /* PBXTargetDependency */ = {
			isa = PBXTargetDependency;
			target = 08FC6D121B28881D004F4824 /* Traffic_Cop_Mac */;
			targetProxy = 08FC6D271B28881D004F4824 /* PBXContainerItemProxy */;
		};
		7DE146581B223E96005DB874 /* PBXTargetDependency */ = {
			isa = PBXTargetDependency;
			target = 7DE1463C1B223E95005DB874 /* Traffic_Cop */;
			targetProxy = 7DE146571B223E96005DB874 /* PBXContainerItemProxy */;
		};
/* End PBXTargetDependency section */

/* Begin PBXVariantGroup section */
		08FC6D1F1B28881D004F4824 /* MainMenu.xib */ = {
			isa = PBXVariantGroup;
			children = (
				08FC6D201B28881D004F4824 /* Base */,
			);
			name = MainMenu.xib;
			sourceTree = "<group>";
		};
		7DE1464A1B223E95005DB874 /* Main.storyboard */ = {
			isa = PBXVariantGroup;
			children = (
				7DE1464B1B223E95005DB874 /* Base */,
			);
			name = Main.storyboard;
			sourceTree = "<group>";
		};
		7DE1464F1B223E95005DB874 /* LaunchScreen.xib */ = {
			isa = PBXVariantGroup;
			children = (
				7DE146501B223E95005DB874 /* Base */,
			);
			name = LaunchScreen.xib;
			sourceTree = "<group>";
		};
/* End PBXVariantGroup section */

/* Begin XCBuildConfiguration section */
		08FC6D2F1B28881D004F4824 /* Debug */ = {
			isa = XCBuildConfiguration;
			buildSettings = {
				ASSETCATALOG_COMPILER_APPICON_NAME = AppIcon;
				CODE_SIGN_IDENTITY = "-";
				COMBINE_HIDPI_IMAGES = YES;
				DEBUG_INFORMATION_FORMAT = dwarf;
				GCC_PREPROCESSOR_DEFINITIONS = (
					"DEBUG=1",
					"$(inherited)",
				);
				INFOPLIST_FILE = Traffic_Cop_Mac/Info.plist;
				LD_RUNPATH_SEARCH_PATHS = "$(inherited) @executable_path/../Frameworks";
				MACOSX_DEPLOYMENT_TARGET = 10.10;
				PRODUCT_NAME = "$(TARGET_NAME)";
				SDKROOT = macosx;
			};
			name = Debug;
		};
		08FC6D301B28881D004F4824 /* Release */ = {
			isa = XCBuildConfiguration;
			buildSettings = {
				ASSETCATALOG_COMPILER_APPICON_NAME = AppIcon;
				CODE_SIGN_IDENTITY = "-";
				COMBINE_HIDPI_IMAGES = YES;
				INFOPLIST_FILE = Traffic_Cop_Mac/Info.plist;
				LD_RUNPATH_SEARCH_PATHS = "$(inherited) @executable_path/../Frameworks";
				MACOSX_DEPLOYMENT_TARGET = 10.10;
				PRODUCT_NAME = "$(TARGET_NAME)";
				SDKROOT = macosx;
			};
			name = Release;
		};
		08FC6D321B28881D004F4824 /* Debug */ = {
			isa = XCBuildConfiguration;
			buildSettings = {
				BUNDLE_LOADER = "$(TEST_HOST)";
				COMBINE_HIDPI_IMAGES = YES;
				DEBUG_INFORMATION_FORMAT = dwarf;
				FRAMEWORK_SEARCH_PATHS = (
					"$(DEVELOPER_FRAMEWORKS_DIR)",
					"$(inherited)",
				);
				GCC_PREPROCESSOR_DEFINITIONS = (
					"DEBUG=1",
					"$(inherited)",
				);
				INFOPLIST_FILE = Traffic_Cop_MacTests/Info.plist;
				LD_RUNPATH_SEARCH_PATHS = "$(inherited) @executable_path/../Frameworks @loader_path/../Frameworks";
				MACOSX_DEPLOYMENT_TARGET = 10.10;
				PRODUCT_NAME = "$(TARGET_NAME)";
				SDKROOT = macosx;
				TEST_HOST = "$(BUILT_PRODUCTS_DIR)/Traffic_Cop_Mac.app/Contents/MacOS/Traffic_Cop_Mac";
			};
			name = Debug;
		};
		08FC6D331B28881D004F4824 /* Release */ = {
			isa = XCBuildConfiguration;
			buildSettings = {
				BUNDLE_LOADER = "$(TEST_HOST)";
				COMBINE_HIDPI_IMAGES = YES;
				FRAMEWORK_SEARCH_PATHS = (
					"$(DEVELOPER_FRAMEWORKS_DIR)",
					"$(inherited)",
				);
				INFOPLIST_FILE = Traffic_Cop_MacTests/Info.plist;
				LD_RUNPATH_SEARCH_PATHS = "$(inherited) @executable_path/../Frameworks @loader_path/../Frameworks";
				MACOSX_DEPLOYMENT_TARGET = 10.10;
				PRODUCT_NAME = "$(TARGET_NAME)";
				SDKROOT = macosx;
				TEST_HOST = "$(BUILT_PRODUCTS_DIR)/Traffic_Cop_Mac.app/Contents/MacOS/Traffic_Cop_Mac";
			};
			name = Release;
		};
		7DE1465E1B223E96005DB874 /* Debug */ = {
			isa = XCBuildConfiguration;
			buildSettings = {
				ALWAYS_SEARCH_USER_PATHS = NO;
				CLANG_CXX_LANGUAGE_STANDARD = "gnu++0x";
				CLANG_CXX_LIBRARY = "libc++";
				CLANG_ENABLE_MODULES = YES;
				CLANG_ENABLE_OBJC_ARC = YES;
				CLANG_WARN_BOOL_CONVERSION = YES;
				CLANG_WARN_CONSTANT_CONVERSION = YES;
				CLANG_WARN_DIRECT_OBJC_ISA_USAGE = YES_ERROR;
				CLANG_WARN_EMPTY_BODY = YES;
				CLANG_WARN_ENUM_CONVERSION = YES;
				CLANG_WARN_INT_CONVERSION = YES;
				CLANG_WARN_OBJC_ROOT_CLASS = YES_ERROR;
				CLANG_WARN_UNREACHABLE_CODE = YES;
				CLANG_WARN__DUPLICATE_METHOD_MATCH = YES;
				"CODE_SIGN_IDENTITY[sdk=iphoneos*]" = "iPhone Developer";
				COPY_PHASE_STRIP = NO;
				DEBUG_INFORMATION_FORMAT = "dwarf-with-dsym";
				ENABLE_STRICT_OBJC_MSGSEND = YES;
				GCC_C_LANGUAGE_STANDARD = gnu99;
				GCC_DYNAMIC_NO_PIC = NO;
				GCC_NO_COMMON_BLOCKS = YES;
				GCC_OPTIMIZATION_LEVEL = 0;
				GCC_PREPROCESSOR_DEFINITIONS = (
					"DEBUG=1",
					"$(inherited)",
				);
				GCC_SYMBOLS_PRIVATE_EXTERN = NO;
				GCC_WARN_64_TO_32_BIT_CONVERSION = YES;
				GCC_WARN_ABOUT_RETURN_TYPE = YES_ERROR;
				GCC_WARN_UNDECLARED_SELECTOR = YES;
				GCC_WARN_UNINITIALIZED_AUTOS = YES_AGGRESSIVE;
				GCC_WARN_UNUSED_FUNCTION = YES;
				GCC_WARN_UNUSED_VARIABLE = YES;
				IPHONEOS_DEPLOYMENT_TARGET = 8.3;
				MTL_ENABLE_DEBUG_INFO = YES;
				ONLY_ACTIVE_ARCH = YES;
				SDKROOT = iphoneos;
				SWIFT_OPTIMIZATION_LEVEL = "-Onone";
			};
			name = Debug;
		};
		7DE1465F1B223E96005DB874 /* Release */ = {
			isa = XCBuildConfiguration;
			buildSettings = {
				ALWAYS_SEARCH_USER_PATHS = NO;
				CLANG_CXX_LANGUAGE_STANDARD = "gnu++0x";
				CLANG_CXX_LIBRARY = "libc++";
				CLANG_ENABLE_MODULES = YES;
				CLANG_ENABLE_OBJC_ARC = YES;
				CLANG_WARN_BOOL_CONVERSION = YES;
				CLANG_WARN_CONSTANT_CONVERSION = YES;
				CLANG_WARN_DIRECT_OBJC_ISA_USAGE = YES_ERROR;
				CLANG_WARN_EMPTY_BODY = YES;
				CLANG_WARN_ENUM_CONVERSION = YES;
				CLANG_WARN_INT_CONVERSION = YES;
				CLANG_WARN_OBJC_ROOT_CLASS = YES_ERROR;
				CLANG_WARN_UNREACHABLE_CODE = YES;
				CLANG_WARN__DUPLICATE_METHOD_MATCH = YES;
				"CODE_SIGN_IDENTITY[sdk=iphoneos*]" = "iPhone Developer";
				COPY_PHASE_STRIP = NO;
				DEBUG_INFORMATION_FORMAT = "dwarf-with-dsym";
				ENABLE_NS_ASSERTIONS = NO;
				ENABLE_STRICT_OBJC_MSGSEND = YES;
				GCC_C_LANGUAGE_STANDARD = gnu99;
				GCC_NO_COMMON_BLOCKS = YES;
				GCC_WARN_64_TO_32_BIT_CONVERSION = YES;
				GCC_WARN_ABOUT_RETURN_TYPE = YES_ERROR;
				GCC_WARN_UNDECLARED_SELECTOR = YES;
				GCC_WARN_UNINITIALIZED_AUTOS = YES_AGGRESSIVE;
				GCC_WARN_UNUSED_FUNCTION = YES;
				GCC_WARN_UNUSED_VARIABLE = YES;
				IPHONEOS_DEPLOYMENT_TARGET = 8.3;
				MTL_ENABLE_DEBUG_INFO = NO;
				SDKROOT = iphoneos;
				VALIDATE_PRODUCT = YES;
			};
			name = Release;
		};
		7DE146611B223E96005DB874 /* Debug */ = {
			isa = XCBuildConfiguration;
			buildSettings = {
				ASSETCATALOG_COMPILER_APPICON_NAME = AppIcon;
				CODE_SIGN_IDENTITY = "iPhone Developer";
				INFOPLIST_FILE = Traffic_Cop/Info.plist;
				IPHONEOS_DEPLOYMENT_TARGET = 8.1;
				LD_RUNPATH_SEARCH_PATHS = "$(inherited) @executable_path/Frameworks";
				LIBRARY_SEARCH_PATHS = (
					"$(inherited)",
					/Users/mathewmanton/Documents/iOS,
					Games,
					by,
					Tutorials,
					Second,
					Edition/Chapter,
					7,
					"-",
					Labels/BitmapFont/BitmapFont,
				);
				PRODUCT_NAME = "$(TARGET_NAME)";
				SWIFT_OBJC_BRIDGING_HEADER = "Traffic_Cop/TrafficCop-Bridging-Header.h";
				TARGETED_DEVICE_FAMILY = "1,2";
			};
			name = Debug;
		};
		7DE146621B223E96005DB874 /* Release */ = {
			isa = XCBuildConfiguration;
			buildSettings = {
				ASSETCATALOG_COMPILER_APPICON_NAME = AppIcon;
				CODE_SIGN_IDENTITY = "iPhone Developer";
				INFOPLIST_FILE = Traffic_Cop/Info.plist;
				IPHONEOS_DEPLOYMENT_TARGET = 8.1;
				LD_RUNPATH_SEARCH_PATHS = "$(inherited) @executable_path/Frameworks";
				LIBRARY_SEARCH_PATHS = (
					"$(inherited)",
					/Users/mathewmanton/Documents/iOS,
					Games,
					by,
					Tutorials,
					Second,
					Edition/Chapter,
					7,
					"-",
					Labels/BitmapFont/BitmapFont,
				);
				PRODUCT_NAME = "$(TARGET_NAME)";
				SWIFT_OBJC_BRIDGING_HEADER = "Traffic_Cop/TrafficCop-Bridging-Header.h";
				TARGETED_DEVICE_FAMILY = "1,2";
			};
			name = Release;
		};
		7DE146641B223E96005DB874 /* Debug */ = {
			isa = XCBuildConfiguration;
			buildSettings = {
				BUNDLE_LOADER = "$(TEST_HOST)";
				FRAMEWORK_SEARCH_PATHS = (
					"$(SDKROOT)/Developer/Library/Frameworks",
					"$(inherited)",
				);
				GCC_PREPROCESSOR_DEFINITIONS = (
					"DEBUG=1",
					"$(inherited)",
				);
				INFOPLIST_FILE = Traffic_CopTests/Info.plist;
				LD_RUNPATH_SEARCH_PATHS = "$(inherited) @executable_path/Frameworks @loader_path/Frameworks";
				PRODUCT_NAME = "$(TARGET_NAME)";
				TEST_HOST = "$(BUILT_PRODUCTS_DIR)/Traffic_Cop.app/Traffic_Cop";
			};
			name = Debug;
		};
		7DE146651B223E96005DB874 /* Release */ = {
			isa = XCBuildConfiguration;
			buildSettings = {
				BUNDLE_LOADER = "$(TEST_HOST)";
				FRAMEWORK_SEARCH_PATHS = (
					"$(SDKROOT)/Developer/Library/Frameworks",
					"$(inherited)",
				);
				INFOPLIST_FILE = Traffic_CopTests/Info.plist;
				LD_RUNPATH_SEARCH_PATHS = "$(inherited) @executable_path/Frameworks @loader_path/Frameworks";
				PRODUCT_NAME = "$(TARGET_NAME)";
				TEST_HOST = "$(BUILT_PRODUCTS_DIR)/Traffic_Cop.app/Traffic_Cop";
			};
			name = Release;
		};
/* End XCBuildConfiguration section */

/* Begin XCConfigurationList section */
		08FC6D2E1B28881D004F4824 /* Build configuration list for PBXNativeTarget "Traffic_Cop_Mac" */ = {
			isa = XCConfigurationList;
			buildConfigurations = (
				08FC6D2F1B28881D004F4824 /* Debug */,
				08FC6D301B28881D004F4824 /* Release */,
			);
			defaultConfigurationIsVisible = 0;
			defaultConfigurationName = Release;
		};
		08FC6D311B28881D004F4824 /* Build configuration list for PBXNativeTarget "Traffic_Cop_MacTests" */ = {
			isa = XCConfigurationList;
			buildConfigurations = (
				08FC6D321B28881D004F4824 /* Debug */,
				08FC6D331B28881D004F4824 /* Release */,
			);
			defaultConfigurationIsVisible = 0;
			defaultConfigurationName = Release;
		};
		7DE146381B223E95005DB874 /* Build configuration list for PBXProject "Traffic_Cop" */ = {
			isa = XCConfigurationList;
			buildConfigurations = (
				7DE1465E1B223E96005DB874 /* Debug */,
				7DE1465F1B223E96005DB874 /* Release */,
			);
			defaultConfigurationIsVisible = 0;
			defaultConfigurationName = Release;
		};
		7DE146601B223E96005DB874 /* Build configuration list for PBXNativeTarget "Traffic_Cop" */ = {
			isa = XCConfigurationList;
			buildConfigurations = (
				7DE146611B223E96005DB874 /* Debug */,
				7DE146621B223E96005DB874 /* Release */,
			);
			defaultConfigurationIsVisible = 0;
			defaultConfigurationName = Release;
		};
		7DE146631B223E96005DB874 /* Build configuration list for PBXNativeTarget "Traffic_CopTests" */ = {
			isa = XCConfigurationList;
			buildConfigurations = (
				7DE146641B223E96005DB874 /* Debug */,
				7DE146651B223E96005DB874 /* Release */,
			);
			defaultConfigurationIsVisible = 0;
			defaultConfigurationName = Release;
		};
/* End XCConfigurationList section */
	};
	rootObject = 7DE146351B223E95005DB874 /* Project object */;
}
